PODS:
  - Alamofire (5.4.4)
  - Kingfisher (5.15.8):
    - Kingfisher/Core (= 5.15.8)
  - Kingfisher/Core (5.15.8)
  - ObjectMapper (4.2.0)
  - SVProgressHUD (2.2.5)
  - SwiftLint (0.46.2)
  - SwiftyJSON (5.0.1)
  - SwiftyUserDefaults (5.3.0)

DEPENDENCIES:
  - Alamofire (~> 5.4)
  - Kingfisher (~> 5.15)
  - ObjectMapper (~> 4.2)
  - SVProgressHUD (~> 2.2)
  - SwiftLint (~> 0.40)
  - SwiftyJSON (~> 5.0)
  - SwiftyUserDefaults (~> 5.0)

SPEC REPOS:
  trunk:
    - Alamofire
    - Kingfisher
    - ObjectMapper
    - SVProgressHUD
    - SwiftLint
    - SwiftyJSON
    - SwiftyUserDefaults

SPEC CHECKSUMS:
  Alamofire: f3b09a368f1582ab751b3fff5460276e0d2cf5c9
  Kingfisher: a3c03d702433fa6cfedabb2bddbe076fb8f2e902
  ObjectMapper: 1eb41f610210777375fa806bf161dc39fb832b81
  SVProgressHUD: 1428aafac632c1f86f62aa4243ec12008d7a51d6
  SwiftLint: 6bc52a21f0fd44cab9aa2dc8e534fb9f5e3ec507
  SwiftyJSON: 2f33a42c6fbc52764d96f13368585094bfd8aa5e
  SwiftyUserDefaults: 63f80248cf5bfb3458825d9a78f2eb7e1293a040

PODFILE CHECKSUM: 12ebb1628cd349cc4a7ae5d388954a4ab5f02e96

COCOAPODS: 1.11.2
