// !$*UTF8*$!
{
	archiveVersion = 1;
	classes = {
	};
	objectVersion = 55;
	objects = {

/* Begin PBXBuildFile section */
		32B889C29AE4EACBD102F526 /* Pods_Cognity_Movies.framework in Frameworks */ = {isa = PBXBuildFile; fileRef = 35F4D5EB863092CB7E6AC628 /* Pods_Cognity_Movies.framework */; };
		86936C4C298D0DCC007A5970 /* AppDelegate.swift in Sources */ = {isa = PBXBuildFile; fileRef = 86936C4B298D0DCC007A5970 /* AppDelegate.swift */; };
		86936C4E298D0DCC007A5970 /* SceneDelegate.swift in Sources */ = {isa = PBXBuildFile; fileRef = 86936C4D298D0DCC007A5970 /* SceneDelegate.swift */; };
		86936C50298D0DCC007A5970 /* ViewController.swift in Sources */ = {isa = PBXBuildFile; fileRef = 86936C4F298D0DCC007A5970 /* ViewController.swift */; };
		86936C53298D0DCC007A5970 /* Main.storyboard in Resources */ = {isa = PBXBuildFile; fileRef = 86936C51298D0DCC007A5970 /* Main.storyboard */; };
		86936C55298D0DD1007A5970 /* Assets.xcassets in Resources */ = {isa = PBXBuildFile; fileRef = 86936C54298D0DD1007A5970 /* Assets.xcassets */; };
		86936C58298D0DD1007A5970 /* LaunchScreen.storyboard in Resources */ = {isa = PBXBuildFile; fileRef = 86936C56298D0DD1007A5970 /* LaunchScreen.storyboard */; };
/* End PBXBuildFile section */

/* Begin PBXFileReference section */
		35F4D5EB863092CB7E6AC628 /* Pods_Cognity_Movies.framework */ = {isa = PBXFileReference; explicitFileType = wrapper.framework; includeInIndex = 0; path = Pods_Cognity_Movies.framework; sourceTree = BUILT_PRODUCTS_DIR; };
		4DCA7747C3F44C55F376F9EA /* Pods-Cognity Movies.debug.xcconfig */ = {isa = PBXFileReference; includeInIndex = 1; lastKnownFileType = text.xcconfig; name = "Pods-Cognity Movies.debug.xcconfig"; path = "Target Support Files/Pods-Cognity Movies/Pods-Cognity Movies.debug.xcconfig"; sourceTree = "<group>"; };
		5A7132FF5976F51D83A9E2EF /* Pods-Cognity Movies.release.xcconfig */ = {isa = PBXFileReference; includeInIndex = 1; lastKnownFileType = text.xcconfig; name = "Pods-Cognity Movies.release.xcconfig"; path = "Target Support Files/Pods-Cognity Movies/Pods-Cognity Movies.release.xcconfig"; sourceTree = "<group>"; };
		86936C48298D0DCC007A5970 /* Cognity Movies.app */ = {isa = PBXFileReference; explicitFileType = wrapper.application; includeInIndex = 0; path = "Cognity Movies.app"; sourceTree = BUILT_PRODUCTS_DIR; };
		86936C4B298D0DCC007A5970 /* AppDelegate.swift */ = {isa = PBXFileReference; lastKnownFileType = sourcecode.swift; path = AppDelegate.swift; sourceTree = "<group>"; };
		86936C4D298D0DCC007A5970 /* SceneDelegate.swift */ = {isa = PBXFileReference; lastKnownFileType = sourcecode.swift; path = SceneDelegate.swift; sourceTree = "<group>"; };
		86936C4F298D0DCC007A5970 /* ViewController.swift */ = {isa = PBXFileReference; lastKnownFileType = sourcecode.swift; path = ViewController.swift; sourceTree = "<group>"; };
		86936C52298D0DCC007A5970 /* Base */ = {isa = PBXFileReference; lastKnownFileType = file.storyboard; name = Base; path = Base.lproj/Main.storyboard; sourceTree = "<group>"; };
		86936C54298D0DD1007A5970 /* Assets.xcassets */ = {isa = PBXFileReference; lastKnownFileType = folder.assetcatalog; path = Assets.xcassets; sourceTree = "<group>"; };
		86936C57298D0DD1007A5970 /* Base */ = {isa = PBXFileReference; lastKnownFileType = file.storyboard; name = Base; path = Base.lproj/LaunchScreen.storyboard; sourceTree = "<group>"; };
		86936C59298D0DD1007A5970 /* Info.plist */ = {isa = PBXFileReference; lastKnownFileType = text.plist.xml; path = Info.plist; sourceTree = "<group>"; };
/* End PBXFileReference section */

/* Begin PBXFrameworksBuildPhase section */
		86936C45298D0DCC007A5970 /* Frameworks */ = {
			isa = PBXFrameworksBuildPhase;
			buildActionMask = 2147483647;
			files = (
				32B889C29AE4EACBD102F526 /* Pods_Cognity_Movies.framework in Frameworks */,
			);
			runOnlyForDeploymentPostprocessing = 0;
		};
/* End PBXFrameworksBuildPhase section */

/* Begin PBXGroup section */
		4C2CD52BA89A1A856D990156 /* Pods */ = {
			isa = PBXGroup;
			children = (
				4DCA7747C3F44C55F376F9EA /* Pods-Cognity Movies.debug.xcconfig */,
				5A7132FF5976F51D83A9E2EF /* Pods-Cognity Movies.release.xcconfig */,
			);
			name = Pods;
			path = Pods;
			sourceTree = "<group>";
		};
		86936C3F298D0DCC007A5970 = {
			isa = PBXGroup;
			children = (
				86936C4A298D0DCC007A5970 /* Cognity Movies */,
				86936C49298D0DCC007A5970 /* Products */,
				4C2CD52BA89A1A856D990156 /* Pods */,
				D3153B17012F8AC614E711DF /* Frameworks */,
			);
			sourceTree = "<group>";
		};
		86936C49298D0DCC007A5970 /* Products */ = {
			isa = PBXGroup;
			children = (
				86936C48298D0DCC007A5970 /* Cognity Movies.app */,
			);
			name = Products;
			sourceTree = "<group>";
		};
		86936C4A298D0DCC007A5970 /* Cognity Movies */ = {
			isa = PBXGroup;
			children = (
				86936C4B298D0DCC007A5970 /* AppDelegate.swift */,
				86936C4D298D0DCC007A5970 /* SceneDelegate.swift */,
				86936C4F298D0DCC007A5970 /* ViewController.swift */,
				86936C51298D0DCC007A5970 /* Main.storyboard */,
				86936C54298D0DD1007A5970 /* Assets.xcassets */,
				86936C56298D0DD1007A5970 /* LaunchScreen.storyboard */,
				86936C59298D0DD1007A5970 /* Info.plist */,
			);
			path = "Cognity Movies";
			sourceTree = "<group>";
		};
		D3153B17012F8AC614E711DF /* Frameworks */ = {
			isa = PBXGroup;
			children = (
				35F4D5EB863092CB7E6AC628 /* Pods_Cognity_Movies.framework */,
			);
			name = Frameworks;
			sourceTree = "<group>";
		};
/* End PBXGroup section */

/* Begin PBXNativeTarget section */
		86936C47298D0DCC007A5970 /* Cognity Movies */ = {
			isa = PBXNativeTarget;
			buildConfigurationList = 86936C5C298D0DD1007A5970 /* Build configuration list for PBXNativeTarget "Cognity Movies" */;
			buildPhases = (
				180596DD6D960CF098570B85 /* [CP] Check Pods Manifest.lock */,
				86936C44298D0DCC007A5970 /* Sources */,
				86936C45298D0DCC007A5970 /* Frameworks */,
				86936C46298D0DCC007A5970 /* Resources */,
				224FE27A8B2E41E1D568A442 /* [CP] Embed Pods Frameworks */,
			);
			buildRules = (
			);
			dependencies = (
			);
			name = "Cognity Movies";
			productName = "Cognity Movies";
			productReference = 86936C48298D0DCC007A5970 /* Cognity Movies.app */;
			productType = "com.apple.product-type.application";
		};
/* End PBXNativeTarget section */

/* Begin PBXProject section */
		86936C40298D0DCC007A5970 /* Project object */ = {
			isa = PBXProject;
			attributes = {
				BuildIndependentTargetsInParallel = 1;
				LastSwiftUpdateCheck = 1340;
				LastUpgradeCheck = 1340;
				TargetAttributes = {
					86936C47298D0DCC007A5970 = {
						CreatedOnToolsVersion = 13.4.1;
					};
				};
			};
			buildConfigurationList = 86936C43298D0DCC007A5970 /* Build configuration list for PBXProject "Cognity Movies" */;
			compatibilityVersion = "Xcode 13.0";
			developmentRegion = en;
			hasScannedForEncodings = 0;
			knownRegions = (
				en,
				Base,
			);
			mainGroup = 86936C3F298D0DCC007A5970;
			productRefGroup = 86936C49298D0DCC007A5970 /* Products */;
			projectDirPath = "";
			projectRoot = "";
			targets = (
				86936C47298D0DCC007A5970 /* Cognity Movies */,
			);
		};
/* End PBXProject section */

/* Begin PBXResourcesBuildPhase section */
		86936C46298D0DCC007A5970 /* Resources */ = {
			isa = PBXResourcesBuildPhase;
			buildActionMask = 2147483647;
			files = (
				86936C58298D0DD1007A5970 /* LaunchScreen.storyboard in Resources */,
				86936C55298D0DD1007A5970 /* Assets.xcassets in Resources */,
				86936C53298D0DCC007A5970 /* Main.storyboard in Resources */,
			);
			runOnlyForDeploymentPostprocessing = 0;
		};
/* End PBXResourcesBuildPhase section */

/* Begin PBXShellScriptBuildPhase section */
		180596DD6D960CF098570B85 /* [CP] Check Pods Manifest.lock */ = {
			isa = PBXShellScriptBuildPhase;
			buildActionMask = 2147483647;
			files = (
			);
			inputFileListPaths = (
			);
			inputPaths = (
				"${PODS_PODFILE_DIR_PATH}/Podfile.lock",
				"${PODS_ROOT}/Manifest.lock",
			);
			name = "[CP] Check Pods Manifest.lock";
			outputFileListPaths = (
			);
			outputPaths = (
				"$(DERIVED_FILE_DIR)/Pods-Cognity Movies-checkManifestLockResult.txt",
			);
			runOnlyForDeploymentPostprocessing = 0;
			shellPath = /bin/sh;
			shellScript = "diff \"${PODS_PODFILE_DIR_PATH}/Podfile.lock\" \"${PODS_ROOT}/Manifest.lock\" > /dev/null\nif [ $? != 0 ] ; then\n    # print error to STDERR\n    echo \"error: The sandbox is not in sync with the Podfile.lock. Run 'pod install' or update your CocoaPods installation.\" >&2\n    exit 1\nfi\n# This output is used by Xcode 'outputs' to avoid re-running this script phase.\necho \"SUCCESS\" > \"${SCRIPT_OUTPUT_FILE_0}\"\n";
			showEnvVarsInLog = 0;
		};
		224FE27A8B2E41E1D568A442 /* [CP] Embed Pods Frameworks */ = {
			isa = PBXShellScriptBuildPhase;
			buildActionMask = 2147483647;
			files = (
			);
			inputFileListPaths = (
				"${PODS_ROOT}/Target Support Files/Pods-Cognity Movies/Pods-Cognity Movies-frameworks-${CONFIGURATION}-input-files.xcfilelist",
			);
			name = "[CP] Embed Pods Frameworks";
			outputFileListPaths = (
				"${PODS_ROOT}/Target Support Files/Pods-Cognity Movies/Pods-Cognity Movies-frameworks-${CONFIGURATION}-output-files.xcfilelist",
			);
			runOnlyForDeploymentPostprocessing = 0;
			shellPath = /bin/sh;
			shellScript = "\"${PODS_ROOT}/Target Support Files/Pods-Cognity Movies/Pods-Cognity Movies-frameworks.sh\"\n";
			showEnvVarsInLog = 0;
		};
/* End PBXShellScriptBuildPhase section */

/* Begin PBXSourcesBuildPhase section */
		86936C44298D0DCC007A5970 /* Sources */ = {
			isa = PBXSourcesBuildPhase;
			buildActionMask = 2147483647;
			files = (
				86936C50298D0DCC007A5970 /* ViewController.swift in Sources */,
				86936C4C298D0DCC007A5970 /* AppDelegate.swift in Sources */,
				86936C4E298D0DCC007A5970 /* SceneDelegate.swift in Sources */,
			);
			runOnlyForDeploymentPostprocessing = 0;
		};
/* End PBXSourcesBuildPhase section */

/* Begin PBXVariantGroup section */
		86936C51298D0DCC007A5970 /* Main.storyboard */ = {
			isa = PBXVariantGroup;
			children = (
				86936C52298D0DCC007A5970 /* Base */,
			);
			name = Main.storyboard;
			sourceTree = "<group>";
		};
		86936C56298D0DD1007A5970 /* LaunchScreen.storyboard */ = {
			isa = PBXVariantGroup;
			children = (
				86936C57298D0DD1007A5970 /* Base */,
			);
			name = LaunchScreen.storyboard;
			sourceTree = "<group>";
		};
/* End PBXVariantGroup section */

/* Begin XCBuildConfiguration section */
		86936C5A298D0DD1007A5970 /* Debug */ = {
			isa = XCBuildConfiguration;
			buildSettings = {
				ALWAYS_SEARCH_USER_PATHS = NO;
				CLANG_ANALYZER_NONNULL = YES;
				CLANG_ANALYZER_NUMBER_OBJECT_CONVERSION = YES_AGGRESSIVE;
				CLANG_CXX_LANGUAGE_STANDARD = "gnu++17";
				CLANG_ENABLE_MODULES = YES;
				CLANG_ENABLE_OBJC_ARC = YES;
				CLANG_ENABLE_OBJC_WEAK = YES;
				CLANG_WARN_BLOCK_CAPTURE_AUTORELEASING = YES;
				CLANG_WARN_BOOL_CONVERSION = YES;
				CLANG_WARN_COMMA = YES;
				CLANG_WARN_CONSTANT_CONVERSION = YES;
				CLANG_WARN_DEPRECATED_OBJC_IMPLEMENTATIONS = YES;
				CLANG_WARN_DIRECT_OBJC_ISA_USAGE = YES_ERROR;
				CLANG_WARN_DOCUMENTATION_COMMENTS = YES;
				CLANG_WARN_EMPTY_BODY = YES;
				CLANG_WARN_ENUM_CONVERSION = YES;
				CLANG_WARN_INFINITE_RECURSION = YES;
				CLANG_WARN_INT_CONVERSION = YES;
				CLANG_WARN_NON_LITERAL_NULL_CONVERSION = YES;
				CLANG_WARN_OBJC_IMPLICIT_RETAIN_SELF = YES;
				CLANG_WARN_OBJC_LITERAL_CONVERSION = YES;
				CLANG_WARN_OBJC_ROOT_CLASS = YES_ERROR;
				CLANG_WARN_QUOTED_INCLUDE_IN_FRAMEWORK_HEADER = YES;
				CLANG_WARN_RANGE_LOOP_ANALYSIS = YES;
				CLANG_WARN_STRICT_PROTOTYPES = YES;
				CLANG_WARN_SUSPICIOUS_MOVE = YES;
				CLANG_WARN_UNGUARDED_AVAILABILITY = YES_AGGRESSIVE;
				CLANG_WARN_UNREACHABLE_CODE = YES;
				CLANG_WARN__DUPLICATE_METHOD_MATCH = YES;
				COPY_PHASE_STRIP = NO;
				DEBUG_INFORMATION_FORMAT = dwarf;
				ENABLE_STRICT_OBJC_MSGSEND = YES;
				ENABLE_TESTABILITY = YES;
				GCC_C_LANGUAGE_STANDARD = gnu11;
				GCC_DYNAMIC_NO_PIC = NO;
				GCC_NO_COMMON_BLOCKS = YES;
				GCC_OPTIMIZATION_LEVEL = 0;
				GCC_PREPROCESSOR_DEFINITIONS = (
					"DEBUG=1",
					"$(inherited)",
				);
				GCC_WARN_64_TO_32_BIT_CONVERSION = YES;
				GCC_WARN_ABOUT_RETURN_TYPE = YES_ERROR;
				GCC_WARN_UNDECLARED_SELECTOR = YES;
				GCC_WARN_UNINITIALIZED_AUTOS = YES_AGGRESSIVE;
				GCC_WARN_UNUSED_FUNCTION = YES;
				GCC_WARN_UNUSED_VARIABLE = YES;
				IPHONEOS_DEPLOYMENT_TARGET = 15.5;
				MTL_ENABLE_DEBUG_INFO = INCLUDE_SOURCE;
				MTL_FAST_MATH = YES;
				ONLY_ACTIVE_ARCH = YES;
				SDKROOT = iphoneos;
				SWIFT_ACTIVE_COMPILATION_CONDITIONS = DEBUG;
				SWIFT_OPTIMIZATION_LEVEL = "-Onone";
			};
			name = Debug;
		};
		86936C5B298D0DD1007A5970 /* Release */ = {
			isa = XCBuildConfiguration;
			buildSettings = {
				ALWAYS_SEARCH_USER_PATHS = NO;
				CLANG_ANALYZER_NONNULL = YES;
				CLANG_ANALYZER_NUMBER_OBJECT_CONVERSION = YES_AGGRESSIVE;
				CLANG_CXX_LANGUAGE_STANDARD = "gnu++17";
				CLANG_ENABLE_MODULES = YES;
				CLANG_ENABLE_OBJC_ARC = YES;
				CLANG_ENABLE_OBJC_WEAK = YES;
				CLANG_WARN_BLOCK_CAPTURE_AUTORELEASING = YES;
				CLANG_WARN_BOOL_CONVERSION = YES;
				CLANG_WARN_COMMA = YES;
				CLANG_WARN_CONSTANT_CONVERSION = YES;
				CLANG_WARN_DEPRECATED_OBJC_IMPLEMENTATIONS = YES;
				CLANG_WARN_DIRECT_OBJC_ISA_USAGE = YES_ERROR;
				CLANG_WARN_DOCUMENTATION_COMMENTS = YES;
				CLANG_WARN_EMPTY_BODY = YES;
				CLANG_WARN_ENUM_CONVERSION = YES;
				CLANG_WARN_INFINITE_RECURSION = YES;
				CLANG_WARN_INT_CONVERSION = YES;
				CLANG_WARN_NON_LITERAL_NULL_CONVERSION = YES;
				CLANG_WARN_OBJC_IMPLICIT_RETAIN_SELF = YES;
				CLANG_WARN_OBJC_LITERAL_CONVERSION = YES;
				CLANG_WARN_OBJC_ROOT_CLASS = YES_ERROR;
				CLANG_WARN_QUOTED_INCLUDE_IN_FRAMEWORK_HEADER = YES;
				CLANG_WARN_RANGE_LOOP_ANALYSIS = YES;
				CLANG_WARN_STRICT_PROTOTYPES = YES;
				CLANG_WARN_SUSPICIOUS_MOVE = YES;
				CLANG_WARN_UNGUARDED_AVAILABILITY = YES_AGGRESSIVE;
				CLANG_WARN_UNREACHABLE_CODE = YES;
				CLANG_WARN__DUPLICATE_METHOD_MATCH = YES;
				COPY_PHASE_STRIP = NO;
				DEBUG_INFORMATION_FORMAT = "dwarf-with-dsym";
				ENABLE_NS_ASSERTIONS = NO;
				ENABLE_STRICT_OBJC_MSGSEND = YES;
				GCC_C_LANGUAGE_STANDARD = gnu11;
				GCC_NO_COMMON_BLOCKS = YES;
				GCC_WARN_64_TO_32_BIT_CONVERSION = YES;
				GCC_WARN_ABOUT_RETURN_TYPE = YES_ERROR;
				GCC_WARN_UNDECLARED_SELECTOR = YES;
				GCC_WARN_UNINITIALIZED_AUTOS = YES_AGGRESSIVE;
				GCC_WARN_UNUSED_FUNCTION = YES;
				GCC_WARN_UNUSED_VARIABLE = YES;
				IPHONEOS_DEPLOYMENT_TARGET = 15.5;
				MTL_ENABLE_DEBUG_INFO = NO;
				MTL_FAST_MATH = YES;
				SDKROOT = iphoneos;
				SWIFT_COMPILATION_MODE = wholemodule;
				SWIFT_OPTIMIZATION_LEVEL = "-O";
				VALIDATE_PRODUCT = YES;
			};
			name = Release;
		};
		86936C5D298D0DD1007A5970 /* Debug */ = {
			isa = XCBuildConfiguration;
			baseConfigurationReference = 4DCA7747C3F44C55F376F9EA /* Pods-Cognity Movies.debug.xcconfig */;
			buildSettings = {
				ASSETCATALOG_COMPILER_APPICON_NAME = AppIcon;
				ASSETCATALOG_COMPILER_GLOBAL_ACCENT_COLOR_NAME = AccentColor;
				CODE_SIGN_STYLE = Automatic;
				CURRENT_PROJECT_VERSION = 1;
				DEVELOPMENT_TEAM = 6LT8JX65CX;
				GENERATE_INFOPLIST_FILE = YES;
				INFOPLIST_FILE = "Cognity Movies/Info.plist";
				INFOPLIST_KEY_UIApplicationSupportsIndirectInputEvents = YES;
				INFOPLIST_KEY_UILaunchStoryboardName = LaunchScreen;
				INFOPLIST_KEY_UIMainStoryboardFile = Main;
				INFOPLIST_KEY_UISupportedInterfaceOrientations_iPad = "UIInterfaceOrientationPortrait UIInterfaceOrientationPortraitUpsideDown UIInterfaceOrientationLandscapeLeft UIInterfaceOrientationLandscapeRight";
				INFOPLIST_KEY_UISupportedInterfaceOrientations_iPhone = "UIInterfaceOrientationPortrait UIInterfaceOrientationLandscapeLeft UIInterfaceOrientationLandscapeRight";
				LD_RUNPATH_SEARCH_PATHS = (
					"$(inherited)",
					"@executable_path/Frameworks",
				);
				MARKETING_VERSION = 1.0;
				PRODUCT_BUNDLE_IDENTIFIER = "panos.Cognity-Movies";
				PRODUCT_NAME = "$(TARGET_NAME)";
				SWIFT_EMIT_LOC_STRINGS = YES;
				SWIFT_VERSION = 5.0;
				TARGETED_DEVICE_FAMILY = "1,2";
			};
			name = Debug;
		};
		86936C5E298D0DD1007A5970 /* Release */ = {
			isa = XCBuildConfiguration;
			baseConfigurationReference = 5A7132FF5976F51D83A9E2EF /* Pods-Cognity Movies.release.xcconfig */;
			buildSettings = {
				ASSETCATALOG_COMPILER_APPICON_NAME = AppIcon;
				ASSETCATALOG_COMPILER_GLOBAL_ACCENT_COLOR_NAME = AccentColor;
				CODE_SIGN_STYLE = Automatic;
				CURRENT_PROJECT_VERSION = 1;
				DEVELOPMENT_TEAM = 6LT8JX65CX;
				GENERATE_INFOPLIST_FILE = YES;
				INFOPLIST_FILE = "Cognity Movies/Info.plist";
				INFOPLIST_KEY_UIApplicationSupportsIndirectInputEvents = YES;
				INFOPLIST_KEY_UILaunchStoryboardName = LaunchScreen;
				INFOPLIST_KEY_UIMainStoryboardFile = Main;
				INFOPLIST_KEY_UISupportedInterfaceOrientations_iPad = "UIInterfaceOrientationPortrait UIInterfaceOrientationPortraitUpsideDown UIInterfaceOrientationLandscapeLeft UIInterfaceOrientationLandscapeRight";
				INFOPLIST_KEY_UISupportedInterfaceOrientations_iPhone = "UIInterfaceOrientationPortrait UIInterfaceOrientationLandscapeLeft UIInterfaceOrientationLandscapeRight";
				LD_RUNPATH_SEARCH_PATHS = (
					"$(inherited)",
					"@executable_path/Frameworks",
				);
				MARKETING_VERSION = 1.0;
				PRODUCT_BUNDLE_IDENTIFIER = "panos.Cognity-Movies";
				PRODUCT_NAME = "$(TARGET_NAME)";
				SWIFT_EMIT_LOC_STRINGS = YES;
				SWIFT_VERSION = 5.0;
				TARGETED_DEVICE_FAMILY = "1,2";
			};
			name = Release;
		};
/* End XCBuildConfiguration section */

/* Begin XCConfigurationList section */
		86936C43298D0DCC007A5970 /* Build configuration list for PBXProject "Cognity Movies" */ = {
			isa = XCConfigurationList;
			buildConfigurations = (
				86936C5A298D0DD1007A5970 /* Debug */,
				86936C5B298D0DD1007A5970 /* Release */,
			);
			defaultConfigurationIsVisible = 0;
			defaultConfigurationName = Release;
		};
		86936C5C298D0DD1007A5970 /* Build configuration list for PBXNativeTarget "Cognity Movies" */ = {
			isa = XCConfigurationList;
			buildConfigurations = (
				86936C5D298D0DD1007A5970 /* Debug */,
				86936C5E298D0DD1007A5970 /* Release */,
			);
			defaultConfigurationIsVisible = 0;
			defaultConfigurationName = Release;
		};
/* End XCConfigurationList section */
	};
	rootObject = 86936C40298D0DCC007A5970 /* Project object */;
}
