// !$*UTF8*$!
{
	archiveVersion = 1;
	classes = {
	};
	objectVersion = 55;
	objects = {

/* Begin PBXBuildFile section */
		32B889C29AE4EACBD102F526 /* Pods_Cognity_Movies.framework in Frameworks */ = {isa = PBXBuildFile; fileRef = 35F4D5EB863092CB7E6AC628 /* Pods_Cognity_Movies.framework */; };
		86936C4C298D0DCC007A5970 /* AppDelegate.swift in Sources */ = {isa = PBXBuildFile; fileRef = 86936C4B298D0DCC007A5970 /* AppDelegate.swift */; };
		86936C4E298D0DCC007A5970 /* SceneDelegate.swift in Sources */ = {isa = PBXBuildFile; fileRef = 86936C4D298D0DCC007A5970 /* SceneDelegate.swift */; };
		86936C55298D0DD1007A5970 /* Assets.xcassets in Resources */ = {isa = PBXBuildFile; fileRef = 86936C54298D0DD1007A5970 /* Assets.xcassets */; };
		86936C58298D0DD1007A5970 /* LaunchScreen.storyboard in Resources */ = {isa = PBXBuildFile; fileRef = 86936C56298D0DD1007A5970 /* LaunchScreen.storyboard */; };
		86936C62298D1241007A5970 /* UIColorExtension.swift in Sources */ = {isa = PBXBuildFile; fileRef = 86936C61298D1241007A5970 /* UIColorExtension.swift */; };
		86936C64298D1272007A5970 /* UIViewControllerExtension.swift in Sources */ = {isa = PBXBuildFile; fileRef = 86936C63298D1272007A5970 /* UIViewControllerExtension.swift */; };
		86936C66298D128B007A5970 /* UIWindowExtension.swift in Sources */ = {isa = PBXBuildFile; fileRef = 86936C65298D128B007A5970 /* UIWindowExtension.swift */; };
		86936C68298D12C3007A5970 /* UIImageExtension.swift in Sources */ = {isa = PBXBuildFile; fileRef = 86936C67298D12C3007A5970 /* UIImageExtension.swift */; };
		86936C6A298D12F4007A5970 /* UITableVIewExtension.swift in Sources */ = {isa = PBXBuildFile; fileRef = 86936C69298D12F4007A5970 /* UITableVIewExtension.swift */; };
		86936C6D298D134E007A5970 /* ReusableViewProtocol.swift in Sources */ = {isa = PBXBuildFile; fileRef = 86936C6C298D134E007A5970 /* ReusableViewProtocol.swift */; };
		86936C6F298D1375007A5970 /* UICollectionViewExtension.swift in Sources */ = {isa = PBXBuildFile; fileRef = 86936C6E298D1375007A5970 /* UICollectionViewExtension.swift */; };
		86936C71298D1391007A5970 /* UIImageViewExtension.swift in Sources */ = {isa = PBXBuildFile; fileRef = 86936C70298D1391007A5970 /* UIImageViewExtension.swift */; };
		86936C73298D13A7007A5970 /* JSONExtension.swift in Sources */ = {isa = PBXBuildFile; fileRef = 86936C72298D13A7007A5970 /* JSONExtension.swift */; };
		86936C78298D13F8007A5970 /* Observable.swift in Sources */ = {isa = PBXBuildFile; fileRef = 86936C77298D13F8007A5970 /* Observable.swift */; };
		86EE1AD3298F946F00F2EBCA /* BaseViewModelProtocol.swift in Sources */ = {isa = PBXBuildFile; fileRef = 86EE1AD2298F946F00F2EBCA /* BaseViewModelProtocol.swift */; };
		86EE1AD5298F948C00F2EBCA /* BaseFlowCoordinatorProtocol.swift in Sources */ = {isa = PBXBuildFile; fileRef = 86EE1AD4298F948C00F2EBCA /* BaseFlowCoordinatorProtocol.swift */; };
		86EE1AD7298F94B900F2EBCA /* BaseProtocol.swift in Sources */ = {isa = PBXBuildFile; fileRef = 86EE1AD6298F94B900F2EBCA /* BaseProtocol.swift */; };
		86EE1AE1298F957B00F2EBCA /* MainModule.swift in Sources */ = {isa = PBXBuildFile; fileRef = 86EE1AE0298F957B00F2EBCA /* MainModule.swift */; };
		86EE1AE7298F95CB00F2EBCA /* MainNavigationController.swift in Sources */ = {isa = PBXBuildFile; fileRef = 86EE1AE6298F95CB00F2EBCA /* MainNavigationController.swift */; };
		86EE1AE9298F961B00F2EBCA /* MainFlowCoordinator.swift in Sources */ = {isa = PBXBuildFile; fileRef = 86EE1AE8298F961B00F2EBCA /* MainFlowCoordinator.swift */; };
		86EE1AED298F968F00F2EBCA /* AppViewModel.swift in Sources */ = {isa = PBXBuildFile; fileRef = 86EE1AEC298F968F00F2EBCA /* AppViewModel.swift */; };
		86EE1AEF298F96B700F2EBCA /* AppFlowCoordinator.swift in Sources */ = {isa = PBXBuildFile; fileRef = 86EE1AEE298F96B700F2EBCA /* AppFlowCoordinator.swift */; };
		86EE1AF1298F96EC00F2EBCA /* AppDIContainer.swift in Sources */ = {isa = PBXBuildFile; fileRef = 86EE1AF0298F96EC00F2EBCA /* AppDIContainer.swift */; };
		86EE1AF8298F974300F2EBCA /* SplashDIContainer.swift in Sources */ = {isa = PBXBuildFile; fileRef = 86EE1AF7298F974300F2EBCA /* SplashDIContainer.swift */; };
		86EE1AFA298F975B00F2EBCA /* SplashFlowCoordinator.swift in Sources */ = {isa = PBXBuildFile; fileRef = 86EE1AF9298F975B00F2EBCA /* SplashFlowCoordinator.swift */; };
		86EE1AFC298F978E00F2EBCA /* SplashViewModel.swift in Sources */ = {isa = PBXBuildFile; fileRef = 86EE1AFB298F978E00F2EBCA /* SplashViewModel.swift */; };
		86EE1AFE298F97B000F2EBCA /* Splash.storyboard in Resources */ = {isa = PBXBuildFile; fileRef = 86EE1AFD298F97B000F2EBCA /* Splash.storyboard */; };
		86EE1B00298F97C700F2EBCA /* SplashViewController.swift in Sources */ = {isa = PBXBuildFile; fileRef = 86EE1AFF298F97C700F2EBCA /* SplashViewController.swift */; };
		86EE1B02298F985400F2EBCA /* SplashModule.swift in Sources */ = {isa = PBXBuildFile; fileRef = 86EE1B01298F985400F2EBCA /* SplashModule.swift */; };
		86EE1B05298FA14A00F2EBCA /* NetworkManager.swift in Sources */ = {isa = PBXBuildFile; fileRef = 86EE1B04298FA14A00F2EBCA /* NetworkManager.swift */; };
		86EE1B07298FA19E00F2EBCA /* RequestConvertible.swift in Sources */ = {isa = PBXBuildFile; fileRef = 86EE1B06298FA19E00F2EBCA /* RequestConvertible.swift */; };
		86EE1B09298FA24D00F2EBCA /* TVMAZE.swift in Sources */ = {isa = PBXBuildFile; fileRef = 86EE1B08298FA24D00F2EBCA /* TVMAZE.swift */; };
		86EE1B0C298FA2EE00F2EBCA /* ShowsService.swift in Sources */ = {isa = PBXBuildFile; fileRef = 86EE1B0B298FA2EE00F2EBCA /* ShowsService.swift */; };
		86EE1B11298FA39D00F2EBCA /* ShowModel.swift in Sources */ = {isa = PBXBuildFile; fileRef = 86EE1B10298FA39D00F2EBCA /* ShowModel.swift */; };
		86EE1B13298FA43F00F2EBCA /* ShowImageModel.swift in Sources */ = {isa = PBXBuildFile; fileRef = 86EE1B12298FA43F00F2EBCA /* ShowImageModel.swift */; };
		86EE1B15298FA4F600F2EBCA /* ShowRatingModel.swift in Sources */ = {isa = PBXBuildFile; fileRef = 86EE1B14298FA4F600F2EBCA /* ShowRatingModel.swift */; };
		86EE1B1C298FA6E100F2EBCA /* HomeFlowCoordinator.swift in Sources */ = {isa = PBXBuildFile; fileRef = 86EE1B1B298FA6E100F2EBCA /* HomeFlowCoordinator.swift */; };
		86EE1B1E298FA71800F2EBCA /* HomeDIContainer.swift in Sources */ = {isa = PBXBuildFile; fileRef = 86EE1B1D298FA71800F2EBCA /* HomeDIContainer.swift */; };
		86EE1B20298FA77900F2EBCA /* HomeViewModel.swift in Sources */ = {isa = PBXBuildFile; fileRef = 86EE1B1F298FA77900F2EBCA /* HomeViewModel.swift */; };
		86EE1B22298FA80F00F2EBCA /* Home.storyboard in Resources */ = {isa = PBXBuildFile; fileRef = 86EE1B21298FA80F00F2EBCA /* Home.storyboard */; };
		86EE1B24298FA81A00F2EBCA /* HomeViewController.swift in Sources */ = {isa = PBXBuildFile; fileRef = 86EE1B23298FA81A00F2EBCA /* HomeViewController.swift */; };
		86EE1B26298FA8B000F2EBCA /* HomeModule.swift in Sources */ = {isa = PBXBuildFile; fileRef = 86EE1B25298FA8B000F2EBCA /* HomeModule.swift */; };
		86EE1B29298FA9AF00F2EBCA /* GetShowsUseCase.swift in Sources */ = {isa = PBXBuildFile; fileRef = 86EE1B28298FA9AF00F2EBCA /* GetShowsUseCase.swift */; };
		86EE1B2B298FA9BE00F2EBCA /* GetCachedShowsUseCase.swift in Sources */ = {isa = PBXBuildFile; fileRef = 86EE1B2A298FA9BE00F2EBCA /* GetCachedShowsUseCase.swift */; };
		86EE1B30298FAB9D00F2EBCA /* CacheShowsUseCase.swift in Sources */ = {isa = PBXBuildFile; fileRef = 86EE1B2F298FAB9D00F2EBCA /* CacheShowsUseCase.swift */; };
		86EE1B34298FADED00F2EBCA /* HomeTableView.swift in Sources */ = {isa = PBXBuildFile; fileRef = 86EE1B33298FADED00F2EBCA /* HomeTableView.swift */; };
		86EE1B37298FAE6700F2EBCA /* HomeTableView+Delegate.swift in Sources */ = {isa = PBXBuildFile; fileRef = 86EE1B36298FAE6700F2EBCA /* HomeTableView+Delegate.swift */; };
		86EE1B39298FAE7A00F2EBCA /* HomeTableView+DataSource.swift in Sources */ = {isa = PBXBuildFile; fileRef = 86EE1B38298FAE7A00F2EBCA /* HomeTableView+DataSource.swift */; };
		86EE1B3B298FAF9F00F2EBCA /* HomeViewController+HomeTableViewProtocol.swift in Sources */ = {isa = PBXBuildFile; fileRef = 86EE1B3A298FAF9F00F2EBCA /* HomeViewController+HomeTableViewProtocol.swift */; };
		86EE1B42298FB10C00F2EBCA /* HomeTitleTableViewCell.swift in Sources */ = {isa = PBXBuildFile; fileRef = 86EE1B40298FB10C00F2EBCA /* HomeTitleTableViewCell.swift */; };
		86EE1B43298FB10C00F2EBCA /* HomeTitleTableViewCell.xib in Resources */ = {isa = PBXBuildFile; fileRef = 86EE1B41298FB10C00F2EBCA /* HomeTitleTableViewCell.xib */; };
		86EE1B46298FB2D400F2EBCA /* HomeNoContentTableViewCell.swift in Sources */ = {isa = PBXBuildFile; fileRef = 86EE1B44298FB2D400F2EBCA /* HomeNoContentTableViewCell.swift */; };
		86EE1B47298FB2D400F2EBCA /* HomeNoContentTableViewCell.xib in Resources */ = {isa = PBXBuildFile; fileRef = 86EE1B45298FB2D400F2EBCA /* HomeNoContentTableViewCell.xib */; };
		86EE1B4A298FB51400F2EBCA /* HomeShowTableViewCell.swift in Sources */ = {isa = PBXBuildFile; fileRef = 86EE1B48298FB51400F2EBCA /* HomeShowTableViewCell.swift */; };
		86EE1B4B298FB51400F2EBCA /* HomeShowTableViewCell.xib in Resources */ = {isa = PBXBuildFile; fileRef = 86EE1B49298FB51400F2EBCA /* HomeShowTableViewCell.xib */; };
		86EE1B52298FCF2E00F2EBCA /* ShowDetailsDIContainer.swift in Sources */ = {isa = PBXBuildFile; fileRef = 86EE1B51298FCF2E00F2EBCA /* ShowDetailsDIContainer.swift */; };
		86EE1B54298FCF5700F2EBCA /* ShowDetailsFlowCoordinator.swift in Sources */ = {isa = PBXBuildFile; fileRef = 86EE1B53298FCF5700F2EBCA /* ShowDetailsFlowCoordinator.swift */; };
		86EE1B56298FCFBD00F2EBCA /* ShowDetailsViewModel.swift in Sources */ = {isa = PBXBuildFile; fileRef = 86EE1B55298FCFBD00F2EBCA /* ShowDetailsViewModel.swift */; };
		86EE1B58298FD08A00F2EBCA /* ShowDetails.storyboard in Resources */ = {isa = PBXBuildFile; fileRef = 86EE1B57298FD08A00F2EBCA /* ShowDetails.storyboard */; };
		86EE1B5A298FD0A000F2EBCA /* ShowDetailsViewController.swift in Sources */ = {isa = PBXBuildFile; fileRef = 86EE1B59298FD0A000F2EBCA /* ShowDetailsViewController.swift */; };
		86EE1B5C298FD1BD00F2EBCA /* ShowDetailsModule.swift in Sources */ = {isa = PBXBuildFile; fileRef = 86EE1B5B298FD1BD00F2EBCA /* ShowDetailsModule.swift */; };
		86EE1B5F298FD2FC00F2EBCA /* ShowDetailsTableView.swift in Sources */ = {isa = PBXBuildFile; fileRef = 86EE1B5E298FD2FC00F2EBCA /* ShowDetailsTableView.swift */; };
		86EE1B63298FD3E800F2EBCA /* ShowDetailsTableView+Delegate.swift in Sources */ = {isa = PBXBuildFile; fileRef = 86EE1B62298FD3E800F2EBCA /* ShowDetailsTableView+Delegate.swift */; };
		86EE1B65298FD3F900F2EBCA /* ShowDetailsTableView+DataSource.swift in Sources */ = {isa = PBXBuildFile; fileRef = 86EE1B64298FD3F900F2EBCA /* ShowDetailsTableView+DataSource.swift */; };
		86EE1B69298FD5DE00F2EBCA /* ShowDetailsShowImageTableViewCell.swift in Sources */ = {isa = PBXBuildFile; fileRef = 86EE1B67298FD5DE00F2EBCA /* ShowDetailsShowImageTableViewCell.swift */; };
		86EE1B6A298FD5DE00F2EBCA /* ShowDetailsShowImageTableViewCell.xib in Resources */ = {isa = PBXBuildFile; fileRef = 86EE1B68298FD5DE00F2EBCA /* ShowDetailsShowImageTableViewCell.xib */; };
		86EE1B6E298FD6EB00F2EBCA /* ShowDetailsShowDetailsTableViewCell.swift in Sources */ = {isa = PBXBuildFile; fileRef = 86EE1B6C298FD6EB00F2EBCA /* ShowDetailsShowDetailsTableViewCell.swift */; };
		86EE1B6F298FD6EB00F2EBCA /* ShowDetailsShowDetailsTableViewCell.xib in Resources */ = {isa = PBXBuildFile; fileRef = 86EE1B6D298FD6EB00F2EBCA /* ShowDetailsShowDetailsTableViewCell.xib */; };
		86EE1B72298FDADE00F2EBCA /* ShowDetailsSetupUseCase.swift in Sources */ = {isa = PBXBuildFile; fileRef = 86EE1B71298FDADE00F2EBCA /* ShowDetailsSetupUseCase.swift */; };
		86EE1B7429900F0400F2EBCA /* DoubleExtension.swift in Sources */ = {isa = PBXBuildFile; fileRef = 86EE1B7329900F0400F2EBCA /* DoubleExtension.swift */; };
/* End PBXBuildFile section */

/* Begin PBXFileReference section */
		35F4D5EB863092CB7E6AC628 /* Pods_Cognity_Movies.framework */ = {isa = PBXFileReference; explicitFileType = wrapper.framework; includeInIndex = 0; path = Pods_Cognity_Movies.framework; sourceTree = BUILT_PRODUCTS_DIR; };
		4DCA7747C3F44C55F376F9EA /* Pods-Cognity Movies.debug.xcconfig */ = {isa = PBXFileReference; includeInIndex = 1; lastKnownFileType = text.xcconfig; name = "Pods-Cognity Movies.debug.xcconfig"; path = "Target Support Files/Pods-Cognity Movies/Pods-Cognity Movies.debug.xcconfig"; sourceTree = "<group>"; };
		5A7132FF5976F51D83A9E2EF /* Pods-Cognity Movies.release.xcconfig */ = {isa = PBXFileReference; includeInIndex = 1; lastKnownFileType = text.xcconfig; name = "Pods-Cognity Movies.release.xcconfig"; path = "Target Support Files/Pods-Cognity Movies/Pods-Cognity Movies.release.xcconfig"; sourceTree = "<group>"; };
		86936C48298D0DCC007A5970 /* Cognity Movies.app */ = {isa = PBXFileReference; explicitFileType = wrapper.application; includeInIndex = 0; path = "Cognity Movies.app"; sourceTree = BUILT_PRODUCTS_DIR; };
		86936C4B298D0DCC007A5970 /* AppDelegate.swift */ = {isa = PBXFileReference; lastKnownFileType = sourcecode.swift; path = AppDelegate.swift; sourceTree = "<group>"; };
		86936C4D298D0DCC007A5970 /* SceneDelegate.swift */ = {isa = PBXFileReference; lastKnownFileType = sourcecode.swift; path = SceneDelegate.swift; sourceTree = "<group>"; };
		86936C54298D0DD1007A5970 /* Assets.xcassets */ = {isa = PBXFileReference; lastKnownFileType = folder.assetcatalog; path = Assets.xcassets; sourceTree = "<group>"; };
		86936C57298D0DD1007A5970 /* Base */ = {isa = PBXFileReference; lastKnownFileType = file.storyboard; name = Base; path = Base.lproj/LaunchScreen.storyboard; sourceTree = "<group>"; };
		86936C59298D0DD1007A5970 /* Info.plist */ = {isa = PBXFileReference; lastKnownFileType = text.plist.xml; path = Info.plist; sourceTree = "<group>"; };
		86936C61298D1241007A5970 /* UIColorExtension.swift */ = {isa = PBXFileReference; lastKnownFileType = sourcecode.swift; path = UIColorExtension.swift; sourceTree = "<group>"; };
		86936C63298D1272007A5970 /* UIViewControllerExtension.swift */ = {isa = PBXFileReference; lastKnownFileType = sourcecode.swift; path = UIViewControllerExtension.swift; sourceTree = "<group>"; };
		86936C65298D128B007A5970 /* UIWindowExtension.swift */ = {isa = PBXFileReference; lastKnownFileType = sourcecode.swift; path = UIWindowExtension.swift; sourceTree = "<group>"; };
		86936C67298D12C3007A5970 /* UIImageExtension.swift */ = {isa = PBXFileReference; lastKnownFileType = sourcecode.swift; path = UIImageExtension.swift; sourceTree = "<group>"; };
		86936C69298D12F4007A5970 /* UITableVIewExtension.swift */ = {isa = PBXFileReference; lastKnownFileType = sourcecode.swift; path = UITableVIewExtension.swift; sourceTree = "<group>"; };
		86936C6C298D134E007A5970 /* ReusableViewProtocol.swift */ = {isa = PBXFileReference; lastKnownFileType = sourcecode.swift; path = ReusableViewProtocol.swift; sourceTree = "<group>"; };
		86936C6E298D1375007A5970 /* UICollectionViewExtension.swift */ = {isa = PBXFileReference; lastKnownFileType = sourcecode.swift; path = UICollectionViewExtension.swift; sourceTree = "<group>"; };
		86936C70298D1391007A5970 /* UIImageViewExtension.swift */ = {isa = PBXFileReference; lastKnownFileType = sourcecode.swift; path = UIImageViewExtension.swift; sourceTree = "<group>"; };
		86936C72298D13A7007A5970 /* JSONExtension.swift */ = {isa = PBXFileReference; lastKnownFileType = sourcecode.swift; path = JSONExtension.swift; sourceTree = "<group>"; };
		86936C77298D13F8007A5970 /* Observable.swift */ = {isa = PBXFileReference; lastKnownFileType = sourcecode.swift; path = Observable.swift; sourceTree = "<group>"; };
		86EE1AD2298F946F00F2EBCA /* BaseViewModelProtocol.swift */ = {isa = PBXFileReference; lastKnownFileType = sourcecode.swift; path = BaseViewModelProtocol.swift; sourceTree = "<group>"; };
		86EE1AD4298F948C00F2EBCA /* BaseFlowCoordinatorProtocol.swift */ = {isa = PBXFileReference; lastKnownFileType = sourcecode.swift; path = BaseFlowCoordinatorProtocol.swift; sourceTree = "<group>"; };
		86EE1AD6298F94B900F2EBCA /* BaseProtocol.swift */ = {isa = PBXFileReference; lastKnownFileType = sourcecode.swift; path = BaseProtocol.swift; sourceTree = "<group>"; };
		86EE1AE0298F957B00F2EBCA /* MainModule.swift */ = {isa = PBXFileReference; lastKnownFileType = sourcecode.swift; path = MainModule.swift; sourceTree = "<group>"; };
		86EE1AE6298F95CB00F2EBCA /* MainNavigationController.swift */ = {isa = PBXFileReference; lastKnownFileType = sourcecode.swift; path = MainNavigationController.swift; sourceTree = "<group>"; };
		86EE1AE8298F961B00F2EBCA /* MainFlowCoordinator.swift */ = {isa = PBXFileReference; lastKnownFileType = sourcecode.swift; path = MainFlowCoordinator.swift; sourceTree = "<group>"; };
		86EE1AEC298F968F00F2EBCA /* AppViewModel.swift */ = {isa = PBXFileReference; lastKnownFileType = sourcecode.swift; path = AppViewModel.swift; sourceTree = "<group>"; };
		86EE1AEE298F96B700F2EBCA /* AppFlowCoordinator.swift */ = {isa = PBXFileReference; lastKnownFileType = sourcecode.swift; path = AppFlowCoordinator.swift; sourceTree = "<group>"; };
		86EE1AF0298F96EC00F2EBCA /* AppDIContainer.swift */ = {isa = PBXFileReference; lastKnownFileType = sourcecode.swift; path = AppDIContainer.swift; sourceTree = "<group>"; };
		86EE1AF7298F974300F2EBCA /* SplashDIContainer.swift */ = {isa = PBXFileReference; lastKnownFileType = sourcecode.swift; path = SplashDIContainer.swift; sourceTree = "<group>"; };
		86EE1AF9298F975B00F2EBCA /* SplashFlowCoordinator.swift */ = {isa = PBXFileReference; lastKnownFileType = sourcecode.swift; path = SplashFlowCoordinator.swift; sourceTree = "<group>"; };
		86EE1AFB298F978E00F2EBCA /* SplashViewModel.swift */ = {isa = PBXFileReference; lastKnownFileType = sourcecode.swift; path = SplashViewModel.swift; sourceTree = "<group>"; };
		86EE1AFD298F97B000F2EBCA /* Splash.storyboard */ = {isa = PBXFileReference; lastKnownFileType = file.storyboard; path = Splash.storyboard; sourceTree = "<group>"; };
		86EE1AFF298F97C700F2EBCA /* SplashViewController.swift */ = {isa = PBXFileReference; lastKnownFileType = sourcecode.swift; path = SplashViewController.swift; sourceTree = "<group>"; };
		86EE1B01298F985400F2EBCA /* SplashModule.swift */ = {isa = PBXFileReference; lastKnownFileType = sourcecode.swift; path = SplashModule.swift; sourceTree = "<group>"; };
		86EE1B04298FA14A00F2EBCA /* NetworkManager.swift */ = {isa = PBXFileReference; lastKnownFileType = sourcecode.swift; path = NetworkManager.swift; sourceTree = "<group>"; };
		86EE1B06298FA19E00F2EBCA /* RequestConvertible.swift */ = {isa = PBXFileReference; lastKnownFileType = sourcecode.swift; path = RequestConvertible.swift; sourceTree = "<group>"; };
		86EE1B08298FA24D00F2EBCA /* TVMAZE.swift */ = {isa = PBXFileReference; lastKnownFileType = sourcecode.swift; path = TVMAZE.swift; sourceTree = "<group>"; };
		86EE1B0B298FA2EE00F2EBCA /* ShowsService.swift */ = {isa = PBXFileReference; lastKnownFileType = sourcecode.swift; path = ShowsService.swift; sourceTree = "<group>"; };
		86EE1B10298FA39D00F2EBCA /* ShowModel.swift */ = {isa = PBXFileReference; lastKnownFileType = sourcecode.swift; path = ShowModel.swift; sourceTree = "<group>"; };
		86EE1B12298FA43F00F2EBCA /* ShowImageModel.swift */ = {isa = PBXFileReference; lastKnownFileType = sourcecode.swift; path = ShowImageModel.swift; sourceTree = "<group>"; };
		86EE1B14298FA4F600F2EBCA /* ShowRatingModel.swift */ = {isa = PBXFileReference; lastKnownFileType = sourcecode.swift; path = ShowRatingModel.swift; sourceTree = "<group>"; };
		86EE1B1B298FA6E100F2EBCA /* HomeFlowCoordinator.swift */ = {isa = PBXFileReference; lastKnownFileType = sourcecode.swift; path = HomeFlowCoordinator.swift; sourceTree = "<group>"; };
		86EE1B1D298FA71800F2EBCA /* HomeDIContainer.swift */ = {isa = PBXFileReference; lastKnownFileType = sourcecode.swift; path = HomeDIContainer.swift; sourceTree = "<group>"; };
		86EE1B1F298FA77900F2EBCA /* HomeViewModel.swift */ = {isa = PBXFileReference; lastKnownFileType = sourcecode.swift; path = HomeViewModel.swift; sourceTree = "<group>"; };
		86EE1B21298FA80F00F2EBCA /* Home.storyboard */ = {isa = PBXFileReference; lastKnownFileType = file.storyboard; path = Home.storyboard; sourceTree = "<group>"; };
		86EE1B23298FA81A00F2EBCA /* HomeViewController.swift */ = {isa = PBXFileReference; lastKnownFileType = sourcecode.swift; path = HomeViewController.swift; sourceTree = "<group>"; };
		86EE1B25298FA8B000F2EBCA /* HomeModule.swift */ = {isa = PBXFileReference; lastKnownFileType = sourcecode.swift; path = HomeModule.swift; sourceTree = "<group>"; };
		86EE1B28298FA9AF00F2EBCA /* GetShowsUseCase.swift */ = {isa = PBXFileReference; lastKnownFileType = sourcecode.swift; path = GetShowsUseCase.swift; sourceTree = "<group>"; };
		86EE1B2A298FA9BE00F2EBCA /* GetCachedShowsUseCase.swift */ = {isa = PBXFileReference; lastKnownFileType = sourcecode.swift; path = GetCachedShowsUseCase.swift; sourceTree = "<group>"; };
		86EE1B2F298FAB9D00F2EBCA /* CacheShowsUseCase.swift */ = {isa = PBXFileReference; lastKnownFileType = sourcecode.swift; path = CacheShowsUseCase.swift; sourceTree = "<group>"; };
		86EE1B33298FADED00F2EBCA /* HomeTableView.swift */ = {isa = PBXFileReference; lastKnownFileType = sourcecode.swift; path = HomeTableView.swift; sourceTree = "<group>"; };
		86EE1B36298FAE6700F2EBCA /* HomeTableView+Delegate.swift */ = {isa = PBXFileReference; lastKnownFileType = sourcecode.swift; path = "HomeTableView+Delegate.swift"; sourceTree = "<group>"; };
		86EE1B38298FAE7A00F2EBCA /* HomeTableView+DataSource.swift */ = {isa = PBXFileReference; lastKnownFileType = sourcecode.swift; path = "HomeTableView+DataSource.swift"; sourceTree = "<group>"; };
		86EE1B3A298FAF9F00F2EBCA /* HomeViewController+HomeTableViewProtocol.swift */ = {isa = PBXFileReference; lastKnownFileType = sourcecode.swift; path = "HomeViewController+HomeTableViewProtocol.swift"; sourceTree = "<group>"; };
		86EE1B40298FB10C00F2EBCA /* HomeTitleTableViewCell.swift */ = {isa = PBXFileReference; lastKnownFileType = sourcecode.swift; path = HomeTitleTableViewCell.swift; sourceTree = "<group>"; };
		86EE1B41298FB10C00F2EBCA /* HomeTitleTableViewCell.xib */ = {isa = PBXFileReference; lastKnownFileType = file.xib; path = HomeTitleTableViewCell.xib; sourceTree = "<group>"; };
		86EE1B44298FB2D400F2EBCA /* HomeNoContentTableViewCell.swift */ = {isa = PBXFileReference; lastKnownFileType = sourcecode.swift; path = HomeNoContentTableViewCell.swift; sourceTree = "<group>"; };
		86EE1B45298FB2D400F2EBCA /* HomeNoContentTableViewCell.xib */ = {isa = PBXFileReference; lastKnownFileType = file.xib; path = HomeNoContentTableViewCell.xib; sourceTree = "<group>"; };
		86EE1B48298FB51400F2EBCA /* HomeShowTableViewCell.swift */ = {isa = PBXFileReference; lastKnownFileType = sourcecode.swift; path = HomeShowTableViewCell.swift; sourceTree = "<group>"; };
		86EE1B49298FB51400F2EBCA /* HomeShowTableViewCell.xib */ = {isa = PBXFileReference; lastKnownFileType = file.xib; path = HomeShowTableViewCell.xib; sourceTree = "<group>"; };
		86EE1B51298FCF2E00F2EBCA /* ShowDetailsDIContainer.swift */ = {isa = PBXFileReference; lastKnownFileType = sourcecode.swift; path = ShowDetailsDIContainer.swift; sourceTree = "<group>"; };
		86EE1B53298FCF5700F2EBCA /* ShowDetailsFlowCoordinator.swift */ = {isa = PBXFileReference; lastKnownFileType = sourcecode.swift; path = ShowDetailsFlowCoordinator.swift; sourceTree = "<group>"; };
		86EE1B55298FCFBD00F2EBCA /* ShowDetailsViewModel.swift */ = {isa = PBXFileReference; lastKnownFileType = sourcecode.swift; path = ShowDetailsViewModel.swift; sourceTree = "<group>"; };
		86EE1B57298FD08A00F2EBCA /* ShowDetails.storyboard */ = {isa = PBXFileReference; lastKnownFileType = file.storyboard; path = ShowDetails.storyboard; sourceTree = "<group>"; };
		86EE1B59298FD0A000F2EBCA /* ShowDetailsViewController.swift */ = {isa = PBXFileReference; lastKnownFileType = sourcecode.swift; path = ShowDetailsViewController.swift; sourceTree = "<group>"; };
		86EE1B5B298FD1BD00F2EBCA /* ShowDetailsModule.swift */ = {isa = PBXFileReference; lastKnownFileType = sourcecode.swift; path = ShowDetailsModule.swift; sourceTree = "<group>"; };
		86EE1B5E298FD2FC00F2EBCA /* ShowDetailsTableView.swift */ = {isa = PBXFileReference; lastKnownFileType = sourcecode.swift; path = ShowDetailsTableView.swift; sourceTree = "<group>"; };
		86EE1B62298FD3E800F2EBCA /* ShowDetailsTableView+Delegate.swift */ = {isa = PBXFileReference; lastKnownFileType = sourcecode.swift; path = "ShowDetailsTableView+Delegate.swift"; sourceTree = "<group>"; };
		86EE1B64298FD3F900F2EBCA /* ShowDetailsTableView+DataSource.swift */ = {isa = PBXFileReference; lastKnownFileType = sourcecode.swift; path = "ShowDetailsTableView+DataSource.swift"; sourceTree = "<group>"; };
		86EE1B67298FD5DE00F2EBCA /* ShowDetailsShowImageTableViewCell.swift */ = {isa = PBXFileReference; lastKnownFileType = sourcecode.swift; path = ShowDetailsShowImageTableViewCell.swift; sourceTree = "<group>"; };
		86EE1B68298FD5DE00F2EBCA /* ShowDetailsShowImageTableViewCell.xib */ = {isa = PBXFileReference; lastKnownFileType = file.xib; path = ShowDetailsShowImageTableViewCell.xib; sourceTree = "<group>"; };
		86EE1B6C298FD6EB00F2EBCA /* ShowDetailsShowDetailsTableViewCell.swift */ = {isa = PBXFileReference; lastKnownFileType = sourcecode.swift; path = ShowDetailsShowDetailsTableViewCell.swift; sourceTree = "<group>"; };
		86EE1B6D298FD6EB00F2EBCA /* ShowDetailsShowDetailsTableViewCell.xib */ = {isa = PBXFileReference; lastKnownFileType = file.xib; path = ShowDetailsShowDetailsTableViewCell.xib; sourceTree = "<group>"; };
		86EE1B71298FDADE00F2EBCA /* ShowDetailsSetupUseCase.swift */ = {isa = PBXFileReference; lastKnownFileType = sourcecode.swift; path = ShowDetailsSetupUseCase.swift; sourceTree = "<group>"; };
		86EE1B7329900F0400F2EBCA /* DoubleExtension.swift */ = {isa = PBXFileReference; lastKnownFileType = sourcecode.swift; path = DoubleExtension.swift; sourceTree = "<group>"; };
/* End PBXFileReference section */

/* Begin PBXFrameworksBuildPhase section */
		86936C45298D0DCC007A5970 /* Frameworks */ = {
			isa = PBXFrameworksBuildPhase;
			buildActionMask = 2147483647;
			files = (
				32B889C29AE4EACBD102F526 /* Pods_Cognity_Movies.framework in Frameworks */,
			);
			runOnlyForDeploymentPostprocessing = 0;
		};
/* End PBXFrameworksBuildPhase section */

/* Begin PBXGroup section */
		4C2CD52BA89A1A856D990156 /* Pods */ = {
			isa = PBXGroup;
			children = (
				4DCA7747C3F44C55F376F9EA /* Pods-Cognity Movies.debug.xcconfig */,
				5A7132FF5976F51D83A9E2EF /* Pods-Cognity Movies.release.xcconfig */,
			);
			path = Pods;
			sourceTree = "<group>";
		};
		86936C3F298D0DCC007A5970 = {
			isa = PBXGroup;
			children = (
				86936C4A298D0DCC007A5970 /* Cognity Movies */,
				86936C49298D0DCC007A5970 /* Products */,
				4C2CD52BA89A1A856D990156 /* Pods */,
				D3153B17012F8AC614E711DF /* Frameworks */,
			);
			sourceTree = "<group>";
		};
		86936C49298D0DCC007A5970 /* Products */ = {
			isa = PBXGroup;
			children = (
				86936C48298D0DCC007A5970 /* Cognity Movies.app */,
			);
			name = Products;
			sourceTree = "<group>";
		};
		86936C4A298D0DCC007A5970 /* Cognity Movies */ = {
			isa = PBXGroup;
			children = (
				86936C4B298D0DCC007A5970 /* AppDelegate.swift */,
				86936C4D298D0DCC007A5970 /* SceneDelegate.swift */,
				86936C56298D0DD1007A5970 /* LaunchScreen.storyboard */,
				86936C54298D0DD1007A5970 /* Assets.xcassets */,
				86936C59298D0DD1007A5970 /* Info.plist */,
				86936C5F298D11F3007A5970 /* Shared */,
				86EE1AD9298F950900F2EBCA /* Launch */,
				86EE1ADD298F954800F2EBCA /* Scenes */,
			);
			path = "Cognity Movies";
			sourceTree = "<group>";
		};
		86936C5F298D11F3007A5970 /* Shared */ = {
			isa = PBXGroup;
			children = (
				86EE1B0D298FA31100F2EBCA /* Models */,
				86EE1B03298FA12E00F2EBCA /* Networking */,
				86936C76298D13EB007A5970 /* Classes */,
				86936C6B298D133C007A5970 /* Protocols */,
				86936C60298D1227007A5970 /* Extensions */,
			);
			path = Shared;
			sourceTree = "<group>";
		};
		86936C60298D1227007A5970 /* Extensions */ = {
			isa = PBXGroup;
			children = (
				86936C61298D1241007A5970 /* UIColorExtension.swift */,
				86936C63298D1272007A5970 /* UIViewControllerExtension.swift */,
				86936C65298D128B007A5970 /* UIWindowExtension.swift */,
				86936C67298D12C3007A5970 /* UIImageExtension.swift */,
				86936C69298D12F4007A5970 /* UITableVIewExtension.swift */,
				86936C6E298D1375007A5970 /* UICollectionViewExtension.swift */,
				86936C70298D1391007A5970 /* UIImageViewExtension.swift */,
				86936C72298D13A7007A5970 /* JSONExtension.swift */,
				86EE1B7329900F0400F2EBCA /* DoubleExtension.swift */,
			);
			path = Extensions;
			sourceTree = "<group>";
		};
		86936C6B298D133C007A5970 /* Protocols */ = {
			isa = PBXGroup;
			children = (
				86EE1AD1298F946200F2EBCA /* Base */,
				86936C6C298D134E007A5970 /* ReusableViewProtocol.swift */,
			);
			path = Protocols;
			sourceTree = "<group>";
		};
		86936C76298D13EB007A5970 /* Classes */ = {
			isa = PBXGroup;
			children = (
				86936C77298D13F8007A5970 /* Observable.swift */,
			);
			path = Classes;
			sourceTree = "<group>";
		};
		86EE1AD1298F946200F2EBCA /* Base */ = {
			isa = PBXGroup;
			children = (
				86EE1AD2298F946F00F2EBCA /* BaseViewModelProtocol.swift */,
				86EE1AD4298F948C00F2EBCA /* BaseFlowCoordinatorProtocol.swift */,
				86EE1AD6298F94B900F2EBCA /* BaseProtocol.swift */,
			);
			path = Base;
			sourceTree = "<group>";
		};
		86EE1AD9298F950900F2EBCA /* Launch */ = {
			isa = PBXGroup;
			children = (
				86EE1ADC298F952600F2EBCA /* DIContainer */,
				86EE1ADA298F951400F2EBCA /* ViewModel */,
				86EE1ADB298F951E00F2EBCA /* FlowCoordinator */,
			);
			path = Launch;
			sourceTree = "<group>";
		};
		86EE1ADA298F951400F2EBCA /* ViewModel */ = {
			isa = PBXGroup;
			children = (
				86EE1AEC298F968F00F2EBCA /* AppViewModel.swift */,
			);
			path = ViewModel;
			sourceTree = "<group>";
		};
		86EE1ADB298F951E00F2EBCA /* FlowCoordinator */ = {
			isa = PBXGroup;
			children = (
				86EE1AEE298F96B700F2EBCA /* AppFlowCoordinator.swift */,
			);
			path = FlowCoordinator;
			sourceTree = "<group>";
		};
		86EE1ADC298F952600F2EBCA /* DIContainer */ = {
			isa = PBXGroup;
			children = (
				86EE1AF0298F96EC00F2EBCA /* AppDIContainer.swift */,
			);
			path = DIContainer;
			sourceTree = "<group>";
		};
		86EE1ADD298F954800F2EBCA /* Scenes */ = {
			isa = PBXGroup;
			children = (
				86EE1B5B298FD1BD00F2EBCA /* ShowDetailsModule.swift */,
				86EE1B4C298FCEDF00F2EBCA /* ShowDetails */,
				86EE1B16298FA69300F2EBCA /* Home */,
				86EE1ADF298F956500F2EBCA /* Splash */,
				86EE1ADE298F956100F2EBCA /* Main */,
			);
			path = Scenes;
			sourceTree = "<group>";
		};
		86EE1ADE298F956100F2EBCA /* Main */ = {
			isa = PBXGroup;
			children = (
				86EE1AE0298F957B00F2EBCA /* MainModule.swift */,
				86EE1AE5298F95A700F2EBCA /* FlowCoordinator */,
				86EE1AE3298F959C00F2EBCA /* View */,
			);
			path = Main;
			sourceTree = "<group>";
		};
		86EE1ADF298F956500F2EBCA /* Splash */ = {
			isa = PBXGroup;
			children = (
				86EE1B01298F985400F2EBCA /* SplashModule.swift */,
				86EE1AF6298F972600F2EBCA /* DIContainer */,
				86EE1AF5298F972000F2EBCA /* FlowCoordinator */,
				86EE1AF4298F971B00F2EBCA /* ViewModel */,
				86EE1AF3298F971600F2EBCA /* View */,
			);
			path = Splash;
			sourceTree = "<group>";
		};
		86EE1AE3298F959C00F2EBCA /* View */ = {
			isa = PBXGroup;
			children = (
				86EE1AE6298F95CB00F2EBCA /* MainNavigationController.swift */,
			);
			path = View;
			sourceTree = "<group>";
		};
		86EE1AE5298F95A700F2EBCA /* FlowCoordinator */ = {
			isa = PBXGroup;
			children = (
				86EE1AE8298F961B00F2EBCA /* MainFlowCoordinator.swift */,
			);
			path = FlowCoordinator;
			sourceTree = "<group>";
		};
		86EE1AF3298F971600F2EBCA /* View */ = {
			isa = PBXGroup;
			children = (
				86EE1AFD298F97B000F2EBCA /* Splash.storyboard */,
				86EE1AFF298F97C700F2EBCA /* SplashViewController.swift */,
			);
			path = View;
			sourceTree = "<group>";
		};
		86EE1AF4298F971B00F2EBCA /* ViewModel */ = {
			isa = PBXGroup;
			children = (
				86EE1AFB298F978E00F2EBCA /* SplashViewModel.swift */,
			);
			path = ViewModel;
			sourceTree = "<group>";
		};
		86EE1AF5298F972000F2EBCA /* FlowCoordinator */ = {
			isa = PBXGroup;
			children = (
				86EE1AF9298F975B00F2EBCA /* SplashFlowCoordinator.swift */,
			);
			path = FlowCoordinator;
			sourceTree = "<group>";
		};
		86EE1AF6298F972600F2EBCA /* DIContainer */ = {
			isa = PBXGroup;
			children = (
				86EE1AF7298F974300F2EBCA /* SplashDIContainer.swift */,
			);
			path = DIContainer;
			sourceTree = "<group>";
		};
		86EE1B03298FA12E00F2EBCA /* Networking */ = {
			isa = PBXGroup;
			children = (
				86EE1B0A298FA2E100F2EBCA /* Services */,
				86EE1B04298FA14A00F2EBCA /* NetworkManager.swift */,
				86EE1B06298FA19E00F2EBCA /* RequestConvertible.swift */,
				86EE1B08298FA24D00F2EBCA /* TVMAZE.swift */,
			);
			path = Networking;
			sourceTree = "<group>";
		};
		86EE1B0A298FA2E100F2EBCA /* Services */ = {
			isa = PBXGroup;
			children = (
				86EE1B0B298FA2EE00F2EBCA /* ShowsService.swift */,
			);
			path = Services;
			sourceTree = "<group>";
		};
		86EE1B0D298FA31100F2EBCA /* Models */ = {
			isa = PBXGroup;
			children = (
				86EE1B10298FA39D00F2EBCA /* ShowModel.swift */,
				86EE1B12298FA43F00F2EBCA /* ShowImageModel.swift */,
				86EE1B14298FA4F600F2EBCA /* ShowRatingModel.swift */,
			);
			path = Models;
			sourceTree = "<group>";
		};
		86EE1B16298FA69300F2EBCA /* Home */ = {
			isa = PBXGroup;
			children = (
				86EE1B25298FA8B000F2EBCA /* HomeModule.swift */,
				86EE1B1A298FA6AB00F2EBCA /* DIContainer */,
				86EE1B19298FA6A400F2EBCA /* FlowCoordinator */,
				86EE1B18298FA69C00F2EBCA /* ViewModel */,
				86EE1B17298FA69800F2EBCA /* View */,
			);
			path = Home;
			sourceTree = "<group>";
		};
		86EE1B17298FA69800F2EBCA /* View */ = {
			isa = PBXGroup;
			children = (
				86EE1B21298FA80F00F2EBCA /* Home.storyboard */,
				86EE1B23298FA81A00F2EBCA /* HomeViewController.swift */,
				86EE1B32298FADCD00F2EBCA /* Protocols */,
				86EE1B31298FADC600F2EBCA /* HomeTableView */,
			);
			path = View;
			sourceTree = "<group>";
		};
		86EE1B18298FA69C00F2EBCA /* ViewModel */ = {
			isa = PBXGroup;
			children = (
				86EE1B1F298FA77900F2EBCA /* HomeViewModel.swift */,
				86EE1B27298FA99E00F2EBCA /* UseCases */,
			);
			path = ViewModel;
			sourceTree = "<group>";
		};
		86EE1B19298FA6A400F2EBCA /* FlowCoordinator */ = {
			isa = PBXGroup;
			children = (
				86EE1B1B298FA6E100F2EBCA /* HomeFlowCoordinator.swift */,
			);
			path = FlowCoordinator;
			sourceTree = "<group>";
		};
		86EE1B1A298FA6AB00F2EBCA /* DIContainer */ = {
			isa = PBXGroup;
			children = (
				86EE1B1D298FA71800F2EBCA /* HomeDIContainer.swift */,
			);
			path = DIContainer;
			sourceTree = "<group>";
		};
		86EE1B27298FA99E00F2EBCA /* UseCases */ = {
			isa = PBXGroup;
			children = (
				86EE1B2E298FAB8A00F2EBCA /* CacheShows */,
				86EE1B2D298FAB7C00F2EBCA /* GetCachedShows */,
				86EE1B2C298FAB6D00F2EBCA /* GetShows */,
			);
			path = UseCases;
			sourceTree = "<group>";
		};
		86EE1B2C298FAB6D00F2EBCA /* GetShows */ = {
			isa = PBXGroup;
			children = (
				86EE1B28298FA9AF00F2EBCA /* GetShowsUseCase.swift */,
			);
			path = GetShows;
			sourceTree = "<group>";
		};
		86EE1B2D298FAB7C00F2EBCA /* GetCachedShows */ = {
			isa = PBXGroup;
			children = (
				86EE1B2A298FA9BE00F2EBCA /* GetCachedShowsUseCase.swift */,
			);
			path = GetCachedShows;
			sourceTree = "<group>";
		};
		86EE1B2E298FAB8A00F2EBCA /* CacheShows */ = {
			isa = PBXGroup;
			children = (
				86EE1B2F298FAB9D00F2EBCA /* CacheShowsUseCase.swift */,
			);
			path = CacheShows;
			sourceTree = "<group>";
		};
		86EE1B31298FADC600F2EBCA /* HomeTableView */ = {
			isa = PBXGroup;
			children = (
				86EE1B33298FADED00F2EBCA /* HomeTableView.swift */,
				86EE1B35298FAE5000F2EBCA /* Protocols */,
				86EE1B3C298FAFE200F2EBCA /* Cells */,
			);
			path = HomeTableView;
			sourceTree = "<group>";
		};
		86EE1B32298FADCD00F2EBCA /* Protocols */ = {
			isa = PBXGroup;
			children = (
				86EE1B3A298FAF9F00F2EBCA /* HomeViewController+HomeTableViewProtocol.swift */,
			);
			path = Protocols;
			sourceTree = "<group>";
		};
		86EE1B35298FAE5000F2EBCA /* Protocols */ = {
			isa = PBXGroup;
			children = (
				86EE1B36298FAE6700F2EBCA /* HomeTableView+Delegate.swift */,
				86EE1B38298FAE7A00F2EBCA /* HomeTableView+DataSource.swift */,
			);
			path = Protocols;
			sourceTree = "<group>";
		};
		86EE1B3C298FAFE200F2EBCA /* Cells */ = {
			isa = PBXGroup;
			children = (
				86EE1B3F298FB03200F2EBCA /* NoContentCell */,
				86EE1B3E298FB02C00F2EBCA /* ShowCell */,
				86EE1B3D298FB02300F2EBCA /* TitleCell */,
			);
			path = Cells;
			sourceTree = "<group>";
		};
		86EE1B3D298FB02300F2EBCA /* TitleCell */ = {
			isa = PBXGroup;
			children = (
				86EE1B40298FB10C00F2EBCA /* HomeTitleTableViewCell.swift */,
				86EE1B41298FB10C00F2EBCA /* HomeTitleTableViewCell.xib */,
			);
			path = TitleCell;
			sourceTree = "<group>";
		};
		86EE1B3E298FB02C00F2EBCA /* ShowCell */ = {
			isa = PBXGroup;
			children = (
				86EE1B48298FB51400F2EBCA /* HomeShowTableViewCell.swift */,
				86EE1B49298FB51400F2EBCA /* HomeShowTableViewCell.xib */,
			);
			path = ShowCell;
			sourceTree = "<group>";
		};
		86EE1B3F298FB03200F2EBCA /* NoContentCell */ = {
			isa = PBXGroup;
			children = (
				86EE1B44298FB2D400F2EBCA /* HomeNoContentTableViewCell.swift */,
				86EE1B45298FB2D400F2EBCA /* HomeNoContentTableViewCell.xib */,
			);
			path = NoContentCell;
			sourceTree = "<group>";
		};
		86EE1B4C298FCEDF00F2EBCA /* ShowDetails */ = {
			isa = PBXGroup;
			children = (
				86EE1B50298FCF1B00F2EBCA /* DIContainer */,
				86EE1B4F298FCF0E00F2EBCA /* FlowCoordinator */,
				86EE1B4E298FCF0800F2EBCA /* ViewModel */,
				86EE1B4D298FCF0200F2EBCA /* View */,
			);
			path = ShowDetails;
			sourceTree = "<group>";
		};
		86EE1B4D298FCF0200F2EBCA /* View */ = {
			isa = PBXGroup;
			children = (
				86EE1B57298FD08A00F2EBCA /* ShowDetails.storyboard */,
				86EE1B59298FD0A000F2EBCA /* ShowDetailsViewController.swift */,
				86EE1B5D298FD2DE00F2EBCA /* ShowDetailsTableView */,
			);
			path = View;
			sourceTree = "<group>";
		};
		86EE1B4E298FCF0800F2EBCA /* ViewModel */ = {
			isa = PBXGroup;
			children = (
				86EE1B70298FDAC700F2EBCA /* UseCases */,
				86EE1B55298FCFBD00F2EBCA /* ShowDetailsViewModel.swift */,
			);
			path = ViewModel;
			sourceTree = "<group>";
		};
		86EE1B4F298FCF0E00F2EBCA /* FlowCoordinator */ = {
			isa = PBXGroup;
			children = (
				86EE1B53298FCF5700F2EBCA /* ShowDetailsFlowCoordinator.swift */,
			);
			path = FlowCoordinator;
			sourceTree = "<group>";
		};
		86EE1B50298FCF1B00F2EBCA /* DIContainer */ = {
			isa = PBXGroup;
			children = (
				86EE1B51298FCF2E00F2EBCA /* ShowDetailsDIContainer.swift */,
			);
			path = DIContainer;
			sourceTree = "<group>";
		};
		86EE1B5D298FD2DE00F2EBCA /* ShowDetailsTableView */ = {
			isa = PBXGroup;
			children = (
				86EE1B5E298FD2FC00F2EBCA /* ShowDetailsTableView.swift */,
				86EE1B60298FD30800F2EBCA /* Protocols */,
				86EE1B61298FD30E00F2EBCA /* Cells */,
			);
			path = ShowDetailsTableView;
			sourceTree = "<group>";
		};
		86EE1B60298FD30800F2EBCA /* Protocols */ = {
			isa = PBXGroup;
			children = (
				86EE1B62298FD3E800F2EBCA /* ShowDetailsTableView+Delegate.swift */,
				86EE1B64298FD3F900F2EBCA /* ShowDetailsTableView+DataSource.swift */,
			);
			path = Protocols;
			sourceTree = "<group>";
		};
		86EE1B61298FD30E00F2EBCA /* Cells */ = {
			isa = PBXGroup;
			children = (
				86EE1B6B298FD6BA00F2EBCA /* ShowDetailsCell */,
				86EE1B66298FD58A00F2EBCA /* ShowImageCell */,
			);
			path = Cells;
			sourceTree = "<group>";
		};
		86EE1B66298FD58A00F2EBCA /* ShowImageCell */ = {
			isa = PBXGroup;
			children = (
				86EE1B67298FD5DE00F2EBCA /* ShowDetailsShowImageTableViewCell.swift */,
				86EE1B68298FD5DE00F2EBCA /* ShowDetailsShowImageTableViewCell.xib */,
			);
			path = ShowImageCell;
			sourceTree = "<group>";
		};
		86EE1B6B298FD6BA00F2EBCA /* ShowDetailsCell */ = {
			isa = PBXGroup;
			children = (
				86EE1B6C298FD6EB00F2EBCA /* ShowDetailsShowDetailsTableViewCell.swift */,
				86EE1B6D298FD6EB00F2EBCA /* ShowDetailsShowDetailsTableViewCell.xib */,
			);
			path = ShowDetailsCell;
			sourceTree = "<group>";
		};
		86EE1B70298FDAC700F2EBCA /* UseCases */ = {
			isa = PBXGroup;
			children = (
				86EE1B71298FDADE00F2EBCA /* ShowDetailsSetupUseCase.swift */,
			);
			path = UseCases;
			sourceTree = "<group>";
		};
		D3153B17012F8AC614E711DF /* Frameworks */ = {
			isa = PBXGroup;
			children = (
				35F4D5EB863092CB7E6AC628 /* Pods_Cognity_Movies.framework */,
			);
			name = Frameworks;
			sourceTree = "<group>";
		};
/* End PBXGroup section */

/* Begin PBXNativeTarget section */
		86936C47298D0DCC007A5970 /* Cognity Movies */ = {
			isa = PBXNativeTarget;
			buildConfigurationList = 86936C5C298D0DD1007A5970 /* Build configuration list for PBXNativeTarget "Cognity Movies" */;
			buildPhases = (
				180596DD6D960CF098570B85 /* [CP] Check Pods Manifest.lock */,
				86936C44298D0DCC007A5970 /* Sources */,
				86936C45298D0DCC007A5970 /* Frameworks */,
				86936C46298D0DCC007A5970 /* Resources */,
				224FE27A8B2E41E1D568A442 /* [CP] Embed Pods Frameworks */,
			);
			buildRules = (
			);
			dependencies = (
			);
			name = "Cognity Movies";
			productName = "Cognity Movies";
			productReference = 86936C48298D0DCC007A5970 /* Cognity Movies.app */;
			productType = "com.apple.product-type.application";
		};
/* End PBXNativeTarget section */

/* Begin PBXProject section */
		86936C40298D0DCC007A5970 /* Project object */ = {
			isa = PBXProject;
			attributes = {
				BuildIndependentTargetsInParallel = 1;
				LastSwiftUpdateCheck = 1340;
				LastUpgradeCheck = 1340;
				TargetAttributes = {
					86936C47298D0DCC007A5970 = {
						CreatedOnToolsVersion = 13.4.1;
					};
				};
			};
			buildConfigurationList = 86936C43298D0DCC007A5970 /* Build configuration list for PBXProject "Cognity Movies" */;
			compatibilityVersion = "Xcode 13.0";
			developmentRegion = en;
			hasScannedForEncodings = 0;
			knownRegions = (
				en,
				Base,
			);
			mainGroup = 86936C3F298D0DCC007A5970;
			productRefGroup = 86936C49298D0DCC007A5970 /* Products */;
			projectDirPath = "";
			projectRoot = "";
			targets = (
				86936C47298D0DCC007A5970 /* Cognity Movies */,
			);
		};
/* End PBXProject section */

/* Begin PBXResourcesBuildPhase section */
		86936C46298D0DCC007A5970 /* Resources */ = {
			isa = PBXResourcesBuildPhase;
			buildActionMask = 2147483647;
			files = (
				86936C58298D0DD1007A5970 /* LaunchScreen.storyboard in Resources */,
				86EE1B47298FB2D400F2EBCA /* HomeNoContentTableViewCell.xib in Resources */,
				86EE1B43298FB10C00F2EBCA /* HomeTitleTableViewCell.xib in Resources */,
				86936C55298D0DD1007A5970 /* Assets.xcassets in Resources */,
				86EE1B58298FD08A00F2EBCA /* ShowDetails.storyboard in Resources */,
				86EE1B6F298FD6EB00F2EBCA /* ShowDetailsShowDetailsTableViewCell.xib in Resources */,
				86EE1AFE298F97B000F2EBCA /* Splash.storyboard in Resources */,
				86EE1B4B298FB51400F2EBCA /* HomeShowTableViewCell.xib in Resources */,
				86EE1B22298FA80F00F2EBCA /* Home.storyboard in Resources */,
				86EE1B6A298FD5DE00F2EBCA /* ShowDetailsShowImageTableViewCell.xib in Resources */,
			);
			runOnlyForDeploymentPostprocessing = 0;
		};
/* End PBXResourcesBuildPhase section */

/* Begin PBXShellScriptBuildPhase section */
		180596DD6D960CF098570B85 /* [CP] Check Pods Manifest.lock */ = {
			isa = PBXShellScriptBuildPhase;
			buildActionMask = 2147483647;
			files = (
			);
			inputFileListPaths = (
			);
			inputPaths = (
				"${PODS_PODFILE_DIR_PATH}/Podfile.lock",
				"${PODS_ROOT}/Manifest.lock",
			);
			name = "[CP] Check Pods Manifest.lock";
			outputFileListPaths = (
			);
			outputPaths = (
				"$(DERIVED_FILE_DIR)/Pods-Cognity Movies-checkManifestLockResult.txt",
			);
			runOnlyForDeploymentPostprocessing = 0;
			shellPath = /bin/sh;
			shellScript = "diff \"${PODS_PODFILE_DIR_PATH}/Podfile.lock\" \"${PODS_ROOT}/Manifest.lock\" > /dev/null\nif [ $? != 0 ] ; then\n    # print error to STDERR\n    echo \"error: The sandbox is not in sync with the Podfile.lock. Run 'pod install' or update your CocoaPods installation.\" >&2\n    exit 1\nfi\n# This output is used by Xcode 'outputs' to avoid re-running this script phase.\necho \"SUCCESS\" > \"${SCRIPT_OUTPUT_FILE_0}\"\n";
			showEnvVarsInLog = 0;
		};
		224FE27A8B2E41E1D568A442 /* [CP] Embed Pods Frameworks */ = {
			isa = PBXShellScriptBuildPhase;
			buildActionMask = 2147483647;
			files = (
			);
			inputFileListPaths = (
				"${PODS_ROOT}/Target Support Files/Pods-Cognity Movies/Pods-Cognity Movies-frameworks-${CONFIGURATION}-input-files.xcfilelist",
			);
			name = "[CP] Embed Pods Frameworks";
			outputFileListPaths = (
				"${PODS_ROOT}/Target Support Files/Pods-Cognity Movies/Pods-Cognity Movies-frameworks-${CONFIGURATION}-output-files.xcfilelist",
			);
			runOnlyForDeploymentPostprocessing = 0;
			shellPath = /bin/sh;
			shellScript = "\"${PODS_ROOT}/Target Support Files/Pods-Cognity Movies/Pods-Cognity Movies-frameworks.sh\"\n";
			showEnvVarsInLog = 0;
		};
/* End PBXShellScriptBuildPhase section */

/* Begin PBXSourcesBuildPhase section */
		86936C44298D0DCC007A5970 /* Sources */ = {
			isa = PBXSourcesBuildPhase;
			buildActionMask = 2147483647;
			files = (
				86EE1B7429900F0400F2EBCA /* DoubleExtension.swift in Sources */,
				86EE1B34298FADED00F2EBCA /* HomeTableView.swift in Sources */,
				86EE1B05298FA14A00F2EBCA /* NetworkManager.swift in Sources */,
				86EE1B46298FB2D400F2EBCA /* HomeNoContentTableViewCell.swift in Sources */,
				86EE1B4A298FB51400F2EBCA /* HomeShowTableViewCell.swift in Sources */,
				86EE1B69298FD5DE00F2EBCA /* ShowDetailsShowImageTableViewCell.swift in Sources */,
				86EE1AFC298F978E00F2EBCA /* SplashViewModel.swift in Sources */,
				86EE1B29298FA9AF00F2EBCA /* GetShowsUseCase.swift in Sources */,
				86EE1AF1298F96EC00F2EBCA /* AppDIContainer.swift in Sources */,
				86EE1B24298FA81A00F2EBCA /* HomeViewController.swift in Sources */,
				86EE1B65298FD3F900F2EBCA /* ShowDetailsTableView+DataSource.swift in Sources */,
				86EE1B52298FCF2E00F2EBCA /* ShowDetailsDIContainer.swift in Sources */,
				86EE1B1C298FA6E100F2EBCA /* HomeFlowCoordinator.swift in Sources */,
				86EE1AE7298F95CB00F2EBCA /* MainNavigationController.swift in Sources */,
				86EE1B37298FAE6700F2EBCA /* HomeTableView+Delegate.swift in Sources */,
				86EE1B13298FA43F00F2EBCA /* ShowImageModel.swift in Sources */,
				86EE1B15298FA4F600F2EBCA /* ShowRatingModel.swift in Sources */,
				86936C78298D13F8007A5970 /* Observable.swift in Sources */,
				86936C73298D13A7007A5970 /* JSONExtension.swift in Sources */,
				86EE1B5A298FD0A000F2EBCA /* ShowDetailsViewController.swift in Sources */,
				86EE1B54298FCF5700F2EBCA /* ShowDetailsFlowCoordinator.swift in Sources */,
				86EE1AFA298F975B00F2EBCA /* SplashFlowCoordinator.swift in Sources */,
				86936C4C298D0DCC007A5970 /* AppDelegate.swift in Sources */,
				86EE1B42298FB10C00F2EBCA /* HomeTitleTableViewCell.swift in Sources */,
				86EE1AF8298F974300F2EBCA /* SplashDIContainer.swift in Sources */,
				86EE1B63298FD3E800F2EBCA /* ShowDetailsTableView+Delegate.swift in Sources */,
				86EE1B07298FA19E00F2EBCA /* RequestConvertible.swift in Sources */,
				86936C6D298D134E007A5970 /* ReusableViewProtocol.swift in Sources */,
				86EE1B5C298FD1BD00F2EBCA /* ShowDetailsModule.swift in Sources */,
				86EE1B30298FAB9D00F2EBCA /* CacheShowsUseCase.swift in Sources */,
				86EE1AD3298F946F00F2EBCA /* BaseViewModelProtocol.swift in Sources */,
				86EE1B72298FDADE00F2EBCA /* ShowDetailsSetupUseCase.swift in Sources */,
				86936C68298D12C3007A5970 /* UIImageExtension.swift in Sources */,
				86936C6F298D1375007A5970 /* UICollectionViewExtension.swift in Sources */,
				86EE1AE1298F957B00F2EBCA /* MainModule.swift in Sources */,
				86EE1AEF298F96B700F2EBCA /* AppFlowCoordinator.swift in Sources */,
				86EE1B5F298FD2FC00F2EBCA /* ShowDetailsTableView.swift in Sources */,
				86EE1B20298FA77900F2EBCA /* HomeViewModel.swift in Sources */,
				86EE1AED298F968F00F2EBCA /* AppViewModel.swift in Sources */,
				86936C6A298D12F4007A5970 /* UITableVIewExtension.swift in Sources */,
				86EE1B11298FA39D00F2EBCA /* ShowModel.swift in Sources */,
				86936C71298D1391007A5970 /* UIImageViewExtension.swift in Sources */,
				86EE1B3B298FAF9F00F2EBCA /* HomeViewController+HomeTableViewProtocol.swift in Sources */,
				86EE1B02298F985400F2EBCA /* SplashModule.swift in Sources */,
				86EE1B0C298FA2EE00F2EBCA /* ShowsService.swift in Sources */,
				86EE1B1E298FA71800F2EBCA /* HomeDIContainer.swift in Sources */,
				86EE1AD7298F94B900F2EBCA /* BaseProtocol.swift in Sources */,
				86EE1B00298F97C700F2EBCA /* SplashViewController.swift in Sources */,
				86EE1B09298FA24D00F2EBCA /* TVMAZE.swift in Sources */,
				86936C64298D1272007A5970 /* UIViewControllerExtension.swift in Sources */,
				86936C66298D128B007A5970 /* UIWindowExtension.swift in Sources */,
				86936C4E298D0DCC007A5970 /* SceneDelegate.swift in Sources */,
				86EE1B2B298FA9BE00F2EBCA /* GetCachedShowsUseCase.swift in Sources */,
				86EE1B39298FAE7A00F2EBCA /* HomeTableView+DataSource.swift in Sources */,
				86EE1B26298FA8B000F2EBCA /* HomeModule.swift in Sources */,
				86EE1AE9298F961B00F2EBCA /* MainFlowCoordinator.swift in Sources */,
				86EE1AD5298F948C00F2EBCA /* BaseFlowCoordinatorProtocol.swift in Sources */,
				86936C62298D1241007A5970 /* UIColorExtension.swift in Sources */,
				86EE1B56298FCFBD00F2EBCA /* ShowDetailsViewModel.swift in Sources */,
				86EE1B6E298FD6EB00F2EBCA /* ShowDetailsShowDetailsTableViewCell.swift in Sources */,
			);
			runOnlyForDeploymentPostprocessing = 0;
		};
/* End PBXSourcesBuildPhase section */

/* Begin PBXVariantGroup section */
		86936C56298D0DD1007A5970 /* LaunchScreen.storyboard */ = {
			isa = PBXVariantGroup;
			children = (
				86936C57298D0DD1007A5970 /* Base */,
			);
			name = LaunchScreen.storyboard;
			sourceTree = "<group>";
		};
/* End PBXVariantGroup section */

/* Begin XCBuildConfiguration section */
		86936C5A298D0DD1007A5970 /* Debug */ = {
			isa = XCBuildConfiguration;
			buildSettings = {
				ALWAYS_SEARCH_USER_PATHS = NO;
				CLANG_ANALYZER_NONNULL = YES;
				CLANG_ANALYZER_NUMBER_OBJECT_CONVERSION = YES_AGGRESSIVE;
				CLANG_CXX_LANGUAGE_STANDARD = "gnu++17";
				CLANG_ENABLE_MODULES = YES;
				CLANG_ENABLE_OBJC_ARC = YES;
				CLANG_ENABLE_OBJC_WEAK = YES;
				CLANG_WARN_BLOCK_CAPTURE_AUTORELEASING = YES;
				CLANG_WARN_BOOL_CONVERSION = YES;
				CLANG_WARN_COMMA = YES;
				CLANG_WARN_CONSTANT_CONVERSION = YES;
				CLANG_WARN_DEPRECATED_OBJC_IMPLEMENTATIONS = YES;
				CLANG_WARN_DIRECT_OBJC_ISA_USAGE = YES_ERROR;
				CLANG_WARN_DOCUMENTATION_COMMENTS = YES;
				CLANG_WARN_EMPTY_BODY = YES;
				CLANG_WARN_ENUM_CONVERSION = YES;
				CLANG_WARN_INFINITE_RECURSION = YES;
				CLANG_WARN_INT_CONVERSION = YES;
				CLANG_WARN_NON_LITERAL_NULL_CONVERSION = YES;
				CLANG_WARN_OBJC_IMPLICIT_RETAIN_SELF = YES;
				CLANG_WARN_OBJC_LITERAL_CONVERSION = YES;
				CLANG_WARN_OBJC_ROOT_CLASS = YES_ERROR;
				CLANG_WARN_QUOTED_INCLUDE_IN_FRAMEWORK_HEADER = YES;
				CLANG_WARN_RANGE_LOOP_ANALYSIS = YES;
				CLANG_WARN_STRICT_PROTOTYPES = YES;
				CLANG_WARN_SUSPICIOUS_MOVE = YES;
				CLANG_WARN_UNGUARDED_AVAILABILITY = YES_AGGRESSIVE;
				CLANG_WARN_UNREACHABLE_CODE = YES;
				CLANG_WARN__DUPLICATE_METHOD_MATCH = YES;
				COPY_PHASE_STRIP = NO;
				DEBUG_INFORMATION_FORMAT = dwarf;
				ENABLE_STRICT_OBJC_MSGSEND = YES;
				ENABLE_TESTABILITY = YES;
				GCC_C_LANGUAGE_STANDARD = gnu11;
				GCC_DYNAMIC_NO_PIC = NO;
				GCC_NO_COMMON_BLOCKS = YES;
				GCC_OPTIMIZATION_LEVEL = 0;
				GCC_PREPROCESSOR_DEFINITIONS = (
					"DEBUG=1",
					"$(inherited)",
				);
				GCC_WARN_64_TO_32_BIT_CONVERSION = YES;
				GCC_WARN_ABOUT_RETURN_TYPE = YES_ERROR;
				GCC_WARN_UNDECLARED_SELECTOR = YES;
				GCC_WARN_UNINITIALIZED_AUTOS = YES_AGGRESSIVE;
				GCC_WARN_UNUSED_FUNCTION = YES;
				GCC_WARN_UNUSED_VARIABLE = YES;
				IPHONEOS_DEPLOYMENT_TARGET = 15.5;
				MTL_ENABLE_DEBUG_INFO = INCLUDE_SOURCE;
				MTL_FAST_MATH = YES;
				ONLY_ACTIVE_ARCH = YES;
				SDKROOT = iphoneos;
				SWIFT_ACTIVE_COMPILATION_CONDITIONS = DEBUG;
				SWIFT_OPTIMIZATION_LEVEL = "-Onone";
			};
			name = Debug;
		};
		86936C5B298D0DD1007A5970 /* Release */ = {
			isa = XCBuildConfiguration;
			buildSettings = {
				ALWAYS_SEARCH_USER_PATHS = NO;
				CLANG_ANALYZER_NONNULL = YES;
				CLANG_ANALYZER_NUMBER_OBJECT_CONVERSION = YES_AGGRESSIVE;
				CLANG_CXX_LANGUAGE_STANDARD = "gnu++17";
				CLANG_ENABLE_MODULES = YES;
				CLANG_ENABLE_OBJC_ARC = YES;
				CLANG_ENABLE_OBJC_WEAK = YES;
				CLANG_WARN_BLOCK_CAPTURE_AUTORELEASING = YES;
				CLANG_WARN_BOOL_CONVERSION = YES;
				CLANG_WARN_COMMA = YES;
				CLANG_WARN_CONSTANT_CONVERSION = YES;
				CLANG_WARN_DEPRECATED_OBJC_IMPLEMENTATIONS = YES;
				CLANG_WARN_DIRECT_OBJC_ISA_USAGE = YES_ERROR;
				CLANG_WARN_DOCUMENTATION_COMMENTS = YES;
				CLANG_WARN_EMPTY_BODY = YES;
				CLANG_WARN_ENUM_CONVERSION = YES;
				CLANG_WARN_INFINITE_RECURSION = YES;
				CLANG_WARN_INT_CONVERSION = YES;
				CLANG_WARN_NON_LITERAL_NULL_CONVERSION = YES;
				CLANG_WARN_OBJC_IMPLICIT_RETAIN_SELF = YES;
				CLANG_WARN_OBJC_LITERAL_CONVERSION = YES;
				CLANG_WARN_OBJC_ROOT_CLASS = YES_ERROR;
				CLANG_WARN_QUOTED_INCLUDE_IN_FRAMEWORK_HEADER = YES;
				CLANG_WARN_RANGE_LOOP_ANALYSIS = YES;
				CLANG_WARN_STRICT_PROTOTYPES = YES;
				CLANG_WARN_SUSPICIOUS_MOVE = YES;
				CLANG_WARN_UNGUARDED_AVAILABILITY = YES_AGGRESSIVE;
				CLANG_WARN_UNREACHABLE_CODE = YES;
				CLANG_WARN__DUPLICATE_METHOD_MATCH = YES;
				COPY_PHASE_STRIP = NO;
				DEBUG_INFORMATION_FORMAT = "dwarf-with-dsym";
				ENABLE_NS_ASSERTIONS = NO;
				ENABLE_STRICT_OBJC_MSGSEND = YES;
				GCC_C_LANGUAGE_STANDARD = gnu11;
				GCC_NO_COMMON_BLOCKS = YES;
				GCC_WARN_64_TO_32_BIT_CONVERSION = YES;
				GCC_WARN_ABOUT_RETURN_TYPE = YES_ERROR;
				GCC_WARN_UNDECLARED_SELECTOR = YES;
				GCC_WARN_UNINITIALIZED_AUTOS = YES_AGGRESSIVE;
				GCC_WARN_UNUSED_FUNCTION = YES;
				GCC_WARN_UNUSED_VARIABLE = YES;
				IPHONEOS_DEPLOYMENT_TARGET = 15.5;
				MTL_ENABLE_DEBUG_INFO = NO;
				MTL_FAST_MATH = YES;
				SDKROOT = iphoneos;
				SWIFT_COMPILATION_MODE = wholemodule;
				SWIFT_OPTIMIZATION_LEVEL = "-O";
				VALIDATE_PRODUCT = YES;
			};
			name = Release;
		};
		86936C5D298D0DD1007A5970 /* Debug */ = {
			isa = XCBuildConfiguration;
			baseConfigurationReference = 4DCA7747C3F44C55F376F9EA /* Pods-Cognity Movies.debug.xcconfig */;
			buildSettings = {
				ASSETCATALOG_COMPILER_APPICON_NAME = AppIcon;
				ASSETCATALOG_COMPILER_GLOBAL_ACCENT_COLOR_NAME = AccentColor;
				CODE_SIGN_STYLE = Automatic;
				CURRENT_PROJECT_VERSION = 1;
				DEVELOPMENT_TEAM = 6LT8JX65CX;
				GENERATE_INFOPLIST_FILE = YES;
				INFOPLIST_FILE = "Cognity Movies/Info.plist";
				INFOPLIST_KEY_UIApplicationSupportsIndirectInputEvents = YES;
				INFOPLIST_KEY_UILaunchStoryboardName = LaunchScreen;
				INFOPLIST_KEY_UISupportedInterfaceOrientations_iPad = "UIInterfaceOrientationPortrait UIInterfaceOrientationPortraitUpsideDown UIInterfaceOrientationLandscapeLeft UIInterfaceOrientationLandscapeRight";
				INFOPLIST_KEY_UISupportedInterfaceOrientations_iPhone = "UIInterfaceOrientationPortrait UIInterfaceOrientationLandscapeLeft UIInterfaceOrientationLandscapeRight";
				LD_RUNPATH_SEARCH_PATHS = (
					"$(inherited)",
					"@executable_path/Frameworks",
				);
				MARKETING_VERSION = 1.0;
				PRODUCT_BUNDLE_IDENTIFIER = "panos.Cognity-Movies";
				PRODUCT_NAME = "$(TARGET_NAME)";
				SWIFT_EMIT_LOC_STRINGS = YES;
				SWIFT_VERSION = 5.0;
				TARGETED_DEVICE_FAMILY = "1,2";
			};
			name = Debug;
		};
		86936C5E298D0DD1007A5970 /* Release */ = {
			isa = XCBuildConfiguration;
			baseConfigurationReference = 5A7132FF5976F51D83A9E2EF /* Pods-Cognity Movies.release.xcconfig */;
			buildSettings = {
				ASSETCATALOG_COMPILER_APPICON_NAME = AppIcon;
				ASSETCATALOG_COMPILER_GLOBAL_ACCENT_COLOR_NAME = AccentColor;
				CODE_SIGN_STYLE = Automatic;
				CURRENT_PROJECT_VERSION = 1;
				DEVELOPMENT_TEAM = 6LT8JX65CX;
				GENERATE_INFOPLIST_FILE = YES;
				INFOPLIST_FILE = "Cognity Movies/Info.plist";
				INFOPLIST_KEY_UIApplicationSupportsIndirectInputEvents = YES;
				INFOPLIST_KEY_UILaunchStoryboardName = LaunchScreen;
				INFOPLIST_KEY_UISupportedInterfaceOrientations_iPad = "UIInterfaceOrientationPortrait UIInterfaceOrientationPortraitUpsideDown UIInterfaceOrientationLandscapeLeft UIInterfaceOrientationLandscapeRight";
				INFOPLIST_KEY_UISupportedInterfaceOrientations_iPhone = "UIInterfaceOrientationPortrait UIInterfaceOrientationLandscapeLeft UIInterfaceOrientationLandscapeRight";
				LD_RUNPATH_SEARCH_PATHS = (
					"$(inherited)",
					"@executable_path/Frameworks",
				);
				MARKETING_VERSION = 1.0;
				PRODUCT_BUNDLE_IDENTIFIER = "panos.Cognity-Movies";
				PRODUCT_NAME = "$(TARGET_NAME)";
				SWIFT_EMIT_LOC_STRINGS = YES;
				SWIFT_VERSION = 5.0;
				TARGETED_DEVICE_FAMILY = "1,2";
			};
			name = Release;
		};
/* End XCBuildConfiguration section */

/* Begin XCConfigurationList section */
		86936C43298D0DCC007A5970 /* Build configuration list for PBXProject "Cognity Movies" */ = {
			isa = XCConfigurationList;
			buildConfigurations = (
				86936C5A298D0DD1007A5970 /* Debug */,
				86936C5B298D0DD1007A5970 /* Release */,
			);
			defaultConfigurationIsVisible = 0;
			defaultConfigurationName = Release;
		};
		86936C5C298D0DD1007A5970 /* Build configuration list for PBXNativeTarget "Cognity Movies" */ = {
			isa = XCConfigurationList;
			buildConfigurations = (
				86936C5D298D0DD1007A5970 /* Debug */,
				86936C5E298D0DD1007A5970 /* Release */,
			);
			defaultConfigurationIsVisible = 0;
			defaultConfigurationName = Release;
		};
/* End XCConfigurationList section */
	};
	rootObject = 86936C40298D0DCC007A5970 /* Project object */;
}
